// !$*UTF8*$!
{
	archiveVersion = 1;
	classes = {
	};
	objectVersion = 46;
	objects = {

/* Begin PBXBuildFile section */
		872725C3166636F50089CBB6 /* HOPMessage.h in Headers */ = {isa = PBXBuildFile; fileRef = 872725C1166636F50089CBB6 /* HOPMessage.h */; settings = {ATTRIBUTES = (Public, ); }; };
		87325EF316F07D550099C0D3 /* HOPAccount.h in Headers */ = {isa = PBXBuildFile; fileRef = 8740FFD316E88A37008016C0 /* HOPAccount.h */; settings = {ATTRIBUTES = (Public, ); }; };
		87325EF416F07D550099C0D3 /* HOPIdentityLookup.h in Headers */ = {isa = PBXBuildFile; fileRef = 87A5B20816EDE656007E825A /* HOPIdentityLookup.h */; settings = {ATTRIBUTES = (Public, ); }; };
		87325EF516F07D550099C0D3 /* HOPContactPeerFilePublicLookup.h in Headers */ = {isa = PBXBuildFile; fileRef = 87A5B20A16EE0B42007E825A /* HOPContactPeerFilePublicLookup.h */; settings = {ATTRIBUTES = (Public, ); }; };
		87343EDC165A50D60070E6E0 /* UIKit.framework in Frameworks */ = {isa = PBXBuildFile; fileRef = 87343EDB165A50D60070E6E0 /* UIKit.framework */; };
		8792E86C16519CFF00DEAC58 /* Foundation.framework in Frameworks */ = {isa = PBXBuildFile; fileRef = 8792E86B16519CFF00DEAC58 /* Foundation.framework */; };
		8792E9C51651A8DA00DEAC58 /* libboost_date_time.a in Frameworks */ = {isa = PBXBuildFile; fileRef = 8792E9C11651A8DA00DEAC58 /* libboost_date_time.a */; };
		8792E9C61651A8DA00DEAC58 /* libboost_regex.a in Frameworks */ = {isa = PBXBuildFile; fileRef = 8792E9C21651A8DA00DEAC58 /* libboost_regex.a */; };
		8792E9C71651A8DA00DEAC58 /* libboost_thread.a in Frameworks */ = {isa = PBXBuildFile; fileRef = 8792E9C31651A8DA00DEAC58 /* libboost_thread.a */; };
		8792E9C81651A8DA00DEAC58 /* libcurl.a in Frameworks */ = {isa = PBXBuildFile; fileRef = 8792E9C41651A8DA00DEAC58 /* libcurl.a */; };
		87A5B1A016EDE5EB007E825A /* HOPAccount.mm in Sources */ = {isa = PBXBuildFile; fileRef = 87A5B18C16EDE5EB007E825A /* HOPAccount.mm */; };
		87A5B1A216EDE5EB007E825A /* HOPCall.mm in Sources */ = {isa = PBXBuildFile; fileRef = 87A5B18E16EDE5EB007E825A /* HOPCall.mm */; };
		87A5B1A316EDE5EB007E825A /* HOPContact.mm in Sources */ = {isa = PBXBuildFile; fileRef = 87A5B18F16EDE5EB007E825A /* HOPContact.mm */; };
		87A5B1A416EDE5EB007E825A /* HOPConversationThread.mm in Sources */ = {isa = PBXBuildFile; fileRef = 87A5B19016EDE5EB007E825A /* HOPConversationThread.mm */; };
		87A5B1A516EDE5EB007E825A /* HOPIdentity.mm in Sources */ = {isa = PBXBuildFile; fileRef = 87A5B19116EDE5EB007E825A /* HOPIdentity.mm */; };
		87A5B1A716EDE5EB007E825A /* HOPLogger.mm in Sources */ = {isa = PBXBuildFile; fileRef = 87A5B19316EDE5EB007E825A /* HOPLogger.mm */; };
		87A5B1A916EDE5EB007E825A /* HOPMediaEngine.mm in Sources */ = {isa = PBXBuildFile; fileRef = 87A5B19516EDE5EB007E825A /* HOPMediaEngine.mm */; };
		87A5B1AA16EDE5EB007E825A /* HOPMediaEngineRtpRtcpStatistics.m in Sources */ = {isa = PBXBuildFile; fileRef = 87A5B19616EDE5EB007E825A /* HOPMediaEngineRtpRtcpStatistics.m */; };
		87A5B1AB16EDE5EB007E825A /* HOPMessage.m in Sources */ = {isa = PBXBuildFile; fileRef = 87A5B19716EDE5EB007E825A /* HOPMessage.m */; };
		87A5B1B216EDE5EB007E825A /* HOPStack.mm in Sources */ = {isa = PBXBuildFile; fileRef = 87A5B19E16EDE5EB007E825A /* HOPStack.mm */; };
		87A5B1B316EDE5EB007E825A /* OpenPeerLoggerDelegate.mm in Sources */ = {isa = PBXBuildFile; fileRef = 87A5B19F16EDE5EB007E825A /* OpenPeerLoggerDelegate.mm */; };
		87A5B1DE16EDE5F9007E825A /* HOPAccount_Internal.h in Headers */ = {isa = PBXBuildFile; fileRef = 87A5B1B516EDE5F9007E825A /* HOPAccount_Internal.h */; };
		87A5B1E016EDE5F9007E825A /* HOPCall_Internal.h in Headers */ = {isa = PBXBuildFile; fileRef = 87A5B1B716EDE5F9007E825A /* HOPCall_Internal.h */; };
		87A5B1E116EDE5F9007E825A /* HOPContact_Internal.h in Headers */ = {isa = PBXBuildFile; fileRef = 87A5B1B816EDE5F9007E825A /* HOPContact_Internal.h */; };
		87A5B1E216EDE5F9007E825A /* HOPConversationThread_Internal.h in Headers */ = {isa = PBXBuildFile; fileRef = 87A5B1B916EDE5F9007E825A /* HOPConversationThread_Internal.h */; };
		87A5B1E316EDE5F9007E825A /* HOPIdentity_Internal.h in Headers */ = {isa = PBXBuildFile; fileRef = 87A5B1BA16EDE5F9007E825A /* HOPIdentity_Internal.h */; };
		87A5B1E416EDE5F9007E825A /* HOPMediaEngine_Internal.h in Headers */ = {isa = PBXBuildFile; fileRef = 87A5B1BB16EDE5F9007E825A /* HOPMediaEngine_Internal.h */; };
		87A5B1EA16EDE5F9007E825A /* HOPStack_Internal.h in Headers */ = {isa = PBXBuildFile; fileRef = 87A5B1C116EDE5F9007E825A /* HOPStack_Internal.h */; };
		87A5B1EB16EDE5F9007E825A /* OpenPeerAccountDelegate.h in Headers */ = {isa = PBXBuildFile; fileRef = 87A5B1C216EDE5F9007E825A /* OpenPeerAccountDelegate.h */; };
		87A5B1EC16EDE5F9007E825A /* OpenPeerIdentityLookupDelegate.h in Headers */ = {isa = PBXBuildFile; fileRef = 87A5B1C316EDE5F9007E825A /* OpenPeerIdentityLookupDelegate.h */; };
		87A5B1ED16EDE5F9007E825A /* OpenPeerContactPeerFilePublicLookupDelegate.h in Headers */ = {isa = PBXBuildFile; fileRef = 87A5B1C416EDE5F9007E825A /* OpenPeerContactPeerFilePublicLookupDelegate.h */; };
		87A5B1EF16EDE5F9007E825A /* OpenPeerCallDelegate.h in Headers */ = {isa = PBXBuildFile; fileRef = 87A5B1C616EDE5F9007E825A /* OpenPeerCallDelegate.h */; };
		87A5B1F016EDE5F9007E825A /* OpenPeerConversationThreadDelegate.h in Headers */ = {isa = PBXBuildFile; fileRef = 87A5B1C716EDE5F9007E825A /* OpenPeerConversationThreadDelegate.h */; };
		87A5B1F116EDE5F9007E825A /* OpenPeerIdentityDelegate.h in Headers */ = {isa = PBXBuildFile; fileRef = 87A5B1C816EDE5F9007E825A /* OpenPeerIdentityDelegate.h */; };
		87A5B1F216EDE5F9007E825A /* OpenPeerLoggerDelegate.h in Headers */ = {isa = PBXBuildFile; fileRef = 87A5B1C916EDE5F9007E825A /* OpenPeerLoggerDelegate.h */; };
		87A5B1F316EDE5F9007E825A /* OpenPeerMediaEngineDelegate.h in Headers */ = {isa = PBXBuildFile; fileRef = 87A5B1CA16EDE5F9007E825A /* OpenPeerMediaEngineDelegate.h */; };
		87A5B1F616EDE5F9007E825A /* OpenPeerStackDelegate.h in Headers */ = {isa = PBXBuildFile; fileRef = 87A5B1CD16EDE5F9007E825A /* OpenPeerStackDelegate.h */; };
		87A5B1F716EDE5F9007E825A /* OpenPeerStorageManager.h in Headers */ = {isa = PBXBuildFile; fileRef = 87A5B1CE16EDE5F9007E825A /* OpenPeerStorageManager.h */; };
		87A5B1F816EDE5F9007E825A /* OpenPeerUtility.h in Headers */ = {isa = PBXBuildFile; fileRef = 87A5B1CF16EDE5F9007E825A /* OpenPeerUtility.h */; };
		87A5B1F916EDE5F9007E825A /* OpenPeerAccountDelegate.mm in Sources */ = {isa = PBXBuildFile; fileRef = 87A5B1D116EDE5F9007E825A /* OpenPeerAccountDelegate.mm */; };
		87A5B1FA16EDE5F9007E825A /* OpenPeerIdentityLookupDelegate.mm in Sources */ = {isa = PBXBuildFile; fileRef = 87A5B1D216EDE5F9007E825A /* OpenPeerIdentityLookupDelegate.mm */; };
		87A5B1FB16EDE5F9007E825A /* OpenPeerContactPeerFilePublicLookupDelegate.mm in Sources */ = {isa = PBXBuildFile; fileRef = 87A5B1D316EDE5F9007E825A /* OpenPeerContactPeerFilePublicLookupDelegate.mm */; };
		87A5B1FD16EDE5F9007E825A /* OpenPeerCallDelegate.mm in Sources */ = {isa = PBXBuildFile; fileRef = 87A5B1D516EDE5F9007E825A /* OpenPeerCallDelegate.mm */; };
		87A5B1FE16EDE5F9007E825A /* OpenPeerConversationThreadDelegate.mm in Sources */ = {isa = PBXBuildFile; fileRef = 87A5B1D616EDE5F9007E825A /* OpenPeerConversationThreadDelegate.mm */; };
		87A5B1FF16EDE5F9007E825A /* OpenPeerIdentityDelegate.mm in Sources */ = {isa = PBXBuildFile; fileRef = 87A5B1D716EDE5F9007E825A /* OpenPeerIdentityDelegate.mm */; };
		87A5B20016EDE5F9007E825A /* OpenPeerMediaEngineDelegate.mm in Sources */ = {isa = PBXBuildFile; fileRef = 87A5B1D816EDE5F9007E825A /* OpenPeerMediaEngineDelegate.mm */; };
		87A5B20316EDE5F9007E825A /* OpenPeerStackDelegate.mm in Sources */ = {isa = PBXBuildFile; fileRef = 87A5B1DB16EDE5F9007E825A /* OpenPeerStackDelegate.mm */; };
		87A5B20416EDE5F9007E825A /* OpenPeerStorageManager.mm in Sources */ = {isa = PBXBuildFile; fileRef = 87A5B1DC16EDE5F9007E825A /* OpenPeerStorageManager.mm */; };
		87A5B20516EDE5F9007E825A /* OpenPeerUtility.mm in Sources */ = {isa = PBXBuildFile; fileRef = 87A5B1DD16EDE5F9007E825A /* OpenPeerUtility.mm */; };
		87A5B20716EDE648007E825A /* HOPIdentityLookup.mm in Sources */ = {isa = PBXBuildFile; fileRef = 87A5B20616EDE648007E825A /* HOPIdentityLookup.mm */; };
		87A5B20C16EE0B9F007E825A /* HOPContactPeerFilePublicLookup.mm in Sources */ = {isa = PBXBuildFile; fileRef = 87A5B20B16EE0B9F007E825A /* HOPContactPeerFilePublicLookup.mm */; };
		87B013F01661557C00E8938B /* HOPStack.h in Headers */ = {isa = PBXBuildFile; fileRef = 8792E9BE1651A43E00DEAC58 /* HOPStack.h */; settings = {ATTRIBUTES = (Public, ); }; };
		87B013F21661557C00E8938B /* HOPContact.h in Headers */ = {isa = PBXBuildFile; fileRef = 8792E9CC1651B21F00DEAC58 /* HOPContact.h */; settings = {ATTRIBUTES = (Public, ); }; };
		87B013F31661557C00E8938B /* HOPCall.h in Headers */ = {isa = PBXBuildFile; fileRef = 874F65731652628500E580F0 /* HOPCall.h */; settings = {ATTRIBUTES = (Public, ); }; };
		87B013F51661557C00E8938B /* HOPConversationThread.h in Headers */ = {isa = PBXBuildFile; fileRef = 874F6579165264BF00E580F0 /* HOPConversationThread.h */; settings = {ATTRIBUTES = (Public, ); }; };
		87B013F61661557C00E8938B /* HOPMediaEngine.h in Headers */ = {isa = PBXBuildFile; fileRef = 874F657C1652652A00E580F0 /* HOPMediaEngine.h */; settings = {ATTRIBUTES = (Public, ); }; };
		87B013F81661557C00E8938B /* HOPProtocols.h in Headers */ = {isa = PBXBuildFile; fileRef = 874F65A716528FCF00E580F0 /* HOPProtocols.h */; settings = {ATTRIBUTES = (Public, ); }; };
		87B013F91661557C00E8938B /* HOPTypes.h in Headers */ = {isa = PBXBuildFile; fileRef = 872E40771653CFE2006ECA60 /* HOPTypes.h */; settings = {ATTRIBUTES = (Public, ); }; };
		87B013FF1661557C00E8938B /* HOPMediaEngineRtpRtcpStatistics.h in Headers */ = {isa = PBXBuildFile; fileRef = 87343FE9165E4B0C0070E6E0 /* HOPMediaEngineRtpRtcpStatistics.h */; settings = {ATTRIBUTES = (Public, ); }; };
		87B014001661557C00E8938B /* HOPIdentity.h in Headers */ = {isa = PBXBuildFile; fileRef = 87FA4CE0165F891A00F7D973 /* HOPIdentity.h */; settings = {ATTRIBUTES = (Public, ); }; };
		87D66B6016EFC3660017EF98 /* HOPLogger.h in Headers */ = {isa = PBXBuildFile; fileRef = 87DFA51D16E7576900C77326 /* HOPLogger.h */; settings = {ATTRIBUTES = (Public, ); }; };
		87F9074616EF465300B0D22C /* libcryptopp_ios.a in Frameworks */ = {isa = PBXBuildFile; fileRef = 8786892816E609830090A3D9 /* libcryptopp_ios.a */; };
		87F9074916EF465300B0D22C /* libhfcore_ios.a in Frameworks */ = {isa = PBXBuildFile; fileRef = 8786890F16E609240090A3D9 /* libhfcore_ios.a */; };
		87F9074A16EF465300B0D22C /* libhfservices_ios.a in Frameworks */ = {isa = PBXBuildFile; fileRef = 8786891916E609560090A3D9 /* libhfservices_ios.a */; };
		87F9074B16EF465300B0D22C /* libhfstack_ios.a in Frameworks */ = {isa = PBXBuildFile; fileRef = 8786891416E609390090A3D9 /* libhfstack_ios.a */; };
		87F9075B16EF465300B0D22C /* libudns_ios.a in Frameworks */ = {isa = PBXBuildFile; fileRef = 8786892316E609740090A3D9 /* libudns_ios.a */; };
		87F9076C16EF465300B0D22C /* libzsLib_ios.a in Frameworks */ = {isa = PBXBuildFile; fileRef = 8786891E16E609660090A3D9 /* libzsLib_ios.a */; };
		B21C5F79171858A9000DE24B /* libjpeg.a in Frameworks */ = {isa = PBXBuildFile; fileRef = B21C5F76171858A7000DE24B /* libjpeg.a */; };
		B21C5F7A171858A9000DE24B /* libsimd-arm.a in Frameworks */ = {isa = PBXBuildFile; fileRef = B21C5F77171858A8000DE24B /* libsimd-arm.a */; };
		B21C5F7B171858A9000DE24B /* libturbojpeg.a in Frameworks */ = {isa = PBXBuildFile; fileRef = B21C5F78171858A8000DE24B /* libturbojpeg.a */; };
		B22AB95F17186922002F31E0 /* libvpx_ios.a in Frameworks */ = {isa = PBXBuildFile; fileRef = B22AB95E17186922002F31E0 /* libvpx_ios.a */; };
		B22AB96B17186CA1002F31E0 /* libvideo_coding_utility.a in Frameworks */ = {isa = PBXBuildFile; fileRef = B22AB96A17186CA1002F31E0 /* libvideo_coding_utility.a */; };
		B2F7042C171763660077E273 /* libsignal_processing.a in Frameworks */ = {isa = PBXBuildFile; fileRef = B2F7042B171763660077E273 /* libsignal_processing.a */; };
		B2F7042E1717636E0077E273 /* libresampler.a in Frameworks */ = {isa = PBXBuildFile; fileRef = B2F7042D1717636E0077E273 /* libresampler.a */; };
		B2F70430171763750077E273 /* libvad.a in Frameworks */ = {isa = PBXBuildFile; fileRef = B2F7042F171763750077E273 /* libvad.a */; };
		B2F70432171763900077E273 /* libcommon_video.a in Frameworks */ = {isa = PBXBuildFile; fileRef = B2F704311717638F0077E273 /* libcommon_video.a */; };
		B2F70434171763BA0077E273 /* libwebrtc_vp8.a in Frameworks */ = {isa = PBXBuildFile; fileRef = B2F70433171763BA0077E273 /* libwebrtc_vp8.a */; };
		B2F70436171763C30077E273 /* libvoice_engine_core.a in Frameworks */ = {isa = PBXBuildFile; fileRef = B2F70435171763C30077E273 /* libvoice_engine_core.a */; };
		B2F70438171763CC0077E273 /* libvideo_engine_core.a in Frameworks */ = {isa = PBXBuildFile; fileRef = B2F70437171763CC0077E273 /* libvideo_engine_core.a */; };
		B2F7043A171763D70077E273 /* libsystem_wrappers.a in Frameworks */ = {isa = PBXBuildFile; fileRef = B2F70439171763D70077E273 /* libsystem_wrappers.a */; };
		B2F704441717642F0077E273 /* libCNG.a in Frameworks */ = {isa = PBXBuildFile; fileRef = B2F7043B1717642D0077E273 /* libCNG.a */; };
		B2F704451717642F0077E273 /* libG711.a in Frameworks */ = {isa = PBXBuildFile; fileRef = B2F7043C1717642D0077E273 /* libG711.a */; };
		B2F704461717642F0077E273 /* libG722.a in Frameworks */ = {isa = PBXBuildFile; fileRef = B2F7043D1717642D0077E273 /* libG722.a */; };
		B2F704471717642F0077E273 /* libiLBC.a in Frameworks */ = {isa = PBXBuildFile; fileRef = B2F7043E1717642E0077E273 /* libiLBC.a */; };
		B2F704481717642F0077E273 /* libiSAC.a in Frameworks */ = {isa = PBXBuildFile; fileRef = B2F7043F1717642E0077E273 /* libiSAC.a */; };
		B2F704491717642F0077E273 /* libiSACFix.a in Frameworks */ = {isa = PBXBuildFile; fileRef = B2F704401717642E0077E273 /* libiSACFix.a */; };
		B2F7044A1717642F0077E273 /* libNetEq.a in Frameworks */ = {isa = PBXBuildFile; fileRef = B2F704411717642E0077E273 /* libNetEq.a */; };
		B2F7044B1717642F0077E273 /* libNetEq4.a in Frameworks */ = {isa = PBXBuildFile; fileRef = B2F704421717642E0077E273 /* libNetEq4.a */; };
		B2F7044C1717642F0077E273 /* libPCM16B.a in Frameworks */ = {isa = PBXBuildFile; fileRef = B2F704431717642E0077E273 /* libPCM16B.a */; };
		B2F7045B1717647C0077E273 /* libaudio_coding_module.a in Frameworks */ = {isa = PBXBuildFile; fileRef = B2F7044D1717647A0077E273 /* libaudio_coding_module.a */; };
		B2F7045C1717647C0077E273 /* libaudio_conference_mixer.a in Frameworks */ = {isa = PBXBuildFile; fileRef = B2F7044E1717647A0077E273 /* libaudio_conference_mixer.a */; };
		B2F7045D1717647C0077E273 /* libaudio_device.a in Frameworks */ = {isa = PBXBuildFile; fileRef = B2F7044F1717647A0077E273 /* libaudio_device.a */; };
		B2F7045E1717647C0077E273 /* libaudio_processing.a in Frameworks */ = {isa = PBXBuildFile; fileRef = B2F704501717647A0077E273 /* libaudio_processing.a */; };
		B2F7045F1717647C0077E273 /* libbitrate_controller.a in Frameworks */ = {isa = PBXBuildFile; fileRef = B2F704511717647A0077E273 /* libbitrate_controller.a */; };
		B2F704601717647C0077E273 /* libmedia_file.a in Frameworks */ = {isa = PBXBuildFile; fileRef = B2F704521717647A0077E273 /* libmedia_file.a */; };
		B2F704611717647C0077E273 /* libpaced_sender.a in Frameworks */ = {isa = PBXBuildFile; fileRef = B2F704531717647B0077E273 /* libpaced_sender.a */; };
		B2F704621717647C0077E273 /* libremote_bitrate_estimator.a in Frameworks */ = {isa = PBXBuildFile; fileRef = B2F704541717647B0077E273 /* libremote_bitrate_estimator.a */; };
		B2F704631717647C0077E273 /* librtp_rtcp.a in Frameworks */ = {isa = PBXBuildFile; fileRef = B2F704551717647B0077E273 /* librtp_rtcp.a */; };
		B2F704641717647C0077E273 /* libvideo_capture_module.a in Frameworks */ = {isa = PBXBuildFile; fileRef = B2F704561717647B0077E273 /* libvideo_capture_module.a */; };
		B2F704651717647C0077E273 /* libvideo_processing.a in Frameworks */ = {isa = PBXBuildFile; fileRef = B2F704571717647B0077E273 /* libvideo_processing.a */; };
		B2F704661717647C0077E273 /* libvideo_render_module.a in Frameworks */ = {isa = PBXBuildFile; fileRef = B2F704581717647B0077E273 /* libvideo_render_module.a */; };
		B2F704671717647C0077E273 /* libwebrtc_i420.a in Frameworks */ = {isa = PBXBuildFile; fileRef = B2F704591717647C0077E273 /* libwebrtc_i420.a */; };
		B2F704681717647C0077E273 /* libwebrtc_opus.a in Frameworks */ = {isa = PBXBuildFile; fileRef = B2F7045A1717647C0077E273 /* libwebrtc_opus.a */; };
		B2F7046B171764990077E273 /* libwebrtc_utility.a in Frameworks */ = {isa = PBXBuildFile; fileRef = B2F70469171764990077E273 /* libwebrtc_utility.a */; };
		B2F7046C171764990077E273 /* libwebrtc_video_coding.a in Frameworks */ = {isa = PBXBuildFile; fileRef = B2F7046A171764990077E273 /* libwebrtc_video_coding.a */; };
		B2F7047B171766000077E273 /* libyuv.a in Frameworks */ = {isa = PBXBuildFile; fileRef = B2F7047A171766000077E273 /* libyuv.a */; };
		B2F7047D171766050077E273 /* libopus.a in Frameworks */ = {isa = PBXBuildFile; fileRef = B2F7047C171766050077E273 /* libopus.a */; };
/* End PBXBuildFile section */

/* Begin PBXContainerItemProxy section */
		8786890E16E609240090A3D9 /* PBXContainerItemProxy */ = {
			isa = PBXContainerItemProxy;
			containerPortal = 8792E9151651A0BB00DEAC58 /* hfcore_ios.xcodeproj */;
			proxyType = 2;
			remoteGlobalIDString = 0063BF4216CA9B2F00E6DB4D;
			remoteInfo = hfcore_ios;
		};
		8786891316E609390090A3D9 /* PBXContainerItemProxy */ = {
			isa = PBXContainerItemProxy;
			containerPortal = 8792E9091651A0A600DEAC58 /* hfstack_ios.xcodeproj */;
			proxyType = 2;
			remoteGlobalIDString = 0063B94916CA91F000E6DB4D;
			remoteInfo = hfstack_ios;
		};
		8786891816E609560090A3D9 /* PBXContainerItemProxy */ = {
			isa = PBXContainerItemProxy;
			containerPortal = 8792E9211651A0D000DEAC58 /* hfservices_ios.xcodeproj */;
			proxyType = 2;
			remoteGlobalIDString = 0095DC1516CA8802005F53D3;
			remoteInfo = hfservices_ios;
		};
		8786891D16E609660090A3D9 /* PBXContainerItemProxy */ = {
			isa = PBXContainerItemProxy;
			containerPortal = 8792E8F41651A04800DEAC58 /* zsLib_ios.xcodeproj */;
			proxyType = 2;
			remoteGlobalIDString = 0066818216C9D64000259F81;
			remoteInfo = zsLib_ios;
		};
		8786892216E609740090A3D9 /* PBXContainerItemProxy */ = {
			isa = PBXContainerItemProxy;
			containerPortal = 8792E8FD1651A08F00DEAC58 /* udns_ios.xcodeproj */;
			proxyType = 2;
			remoteGlobalIDString = 0066824F16C9DA9200259F81;
			remoteInfo = udns_ios;
		};
		8786892716E609830090A3D9 /* PBXContainerItemProxy */ = {
			isa = PBXContainerItemProxy;
			containerPortal = 8792E9AA1651A12B00DEAC58 /* cryptopp_ios.xcodeproj */;
			proxyType = 2;
			remoteGlobalIDString = 0066863A16C9F58000259F81;
			remoteInfo = cryptopp_ios;
		};
/* End PBXContainerItemProxy section */

/* Begin PBXCopyFilesBuildPhase section */
		8792E86616519CFF00DEAC58 /* CopyFiles */ = {
			isa = PBXCopyFilesBuildPhase;
			buildActionMask = 2147483647;
			dstPath = "include/${PRODUCT_NAME}";
			dstSubfolderSpec = 16;
			files = (
			);
			runOnlyForDeploymentPostprocessing = 0;
		};
/* End PBXCopyFilesBuildPhase section */

/* Begin PBXFileReference section */
		872725C1166636F50089CBB6 /* HOPMessage.h */ = {isa = PBXFileReference; fileEncoding = 4; lastKnownFileType = sourcecode.c.h; path = HOPMessage.h; sourceTree = "<group>"; };
		872E40771653CFE2006ECA60 /* HOPTypes.h */ = {isa = PBXFileReference; lastKnownFileType = sourcecode.c.h; path = HOPTypes.h; sourceTree = "<group>"; };
		87343EDB165A50D60070E6E0 /* UIKit.framework */ = {isa = PBXFileReference; lastKnownFileType = wrapper.framework; name = UIKit.framework; path = System/Library/Frameworks/UIKit.framework; sourceTree = SDKROOT; };
		87343FE9165E4B0C0070E6E0 /* HOPMediaEngineRtpRtcpStatistics.h */ = {isa = PBXFileReference; fileEncoding = 4; lastKnownFileType = sourcecode.c.h; path = HOPMediaEngineRtpRtcpStatistics.h; sourceTree = "<group>"; };
		8740FFD316E88A37008016C0 /* HOPAccount.h */ = {isa = PBXFileReference; lastKnownFileType = sourcecode.c.h; path = HOPAccount.h; sourceTree = "<group>"; };
		874ADC36166DF0E20095FE33 /* libz.dylib */ = {isa = PBXFileReference; lastKnownFileType = "compiled.mach-o.dylib"; name = libz.dylib; path = usr/lib/libz.dylib; sourceTree = SDKROOT; };
		874ADC38166DF0F30095FE33 /* libresolv.dylib */ = {isa = PBXFileReference; lastKnownFileType = "compiled.mach-o.dylib"; name = libresolv.dylib; path = usr/lib/libresolv.dylib; sourceTree = SDKROOT; };
		874F65731652628500E580F0 /* HOPCall.h */ = {isa = PBXFileReference; fileEncoding = 4; lastKnownFileType = sourcecode.c.h; path = HOPCall.h; sourceTree = "<group>"; };
		874F6579165264BF00E580F0 /* HOPConversationThread.h */ = {isa = PBXFileReference; fileEncoding = 4; lastKnownFileType = sourcecode.c.h; path = HOPConversationThread.h; sourceTree = "<group>"; };
		874F657C1652652A00E580F0 /* HOPMediaEngine.h */ = {isa = PBXFileReference; fileEncoding = 4; lastKnownFileType = sourcecode.c.h; path = HOPMediaEngine.h; sourceTree = "<group>"; };
		874F65A716528FCF00E580F0 /* HOPProtocols.h */ = {isa = PBXFileReference; lastKnownFileType = sourcecode.c.h; path = HOPProtocols.h; sourceTree = "<group>"; };
		8792E86816519CFF00DEAC58 /* libOpenpeerSDK.a */ = {isa = PBXFileReference; explicitFileType = archive.ar; includeInIndex = 0; path = libOpenpeerSDK.a; sourceTree = BUILT_PRODUCTS_DIR; };
		8792E86B16519CFF00DEAC58 /* Foundation.framework */ = {isa = PBXFileReference; lastKnownFileType = wrapper.framework; name = Foundation.framework; path = System/Library/Frameworks/Foundation.framework; sourceTree = SDKROOT; };
		8792E86F16519CFF00DEAC58 /* openpeer-ios-sdk-Prefix.pch */ = {isa = PBXFileReference; lastKnownFileType = sourcecode.c.h; path = "openpeer-ios-sdk-Prefix.pch"; sourceTree = "<group>"; };
		8792E8F41651A04800DEAC58 /* zsLib_ios.xcodeproj */ = {isa = PBXFileReference; lastKnownFileType = "wrapper.pb-project"; name = zsLib_ios.xcodeproj; path = "../../op/hookflash-libs/zsLib/projects/xcode/zsLib_ios/zsLib_ios.xcodeproj"; sourceTree = "<group>"; };
		8792E8FD1651A08F00DEAC58 /* udns_ios.xcodeproj */ = {isa = PBXFileReference; lastKnownFileType = "wrapper.pb-project"; name = udns_ios.xcodeproj; path = "../../op/hookflash-libs/udns/projects/xcode/udns_ios/udns_ios.xcodeproj"; sourceTree = "<group>"; };
		8792E9091651A0A600DEAC58 /* hfstack_ios.xcodeproj */ = {isa = PBXFileReference; lastKnownFileType = "wrapper.pb-project"; name = hfstack_ios.xcodeproj; path = "../../op/hookflash-core/projects/xcode/hfstack_ios/hfstack_ios.xcodeproj"; sourceTree = "<group>"; };
		8792E9151651A0BB00DEAC58 /* hfcore_ios.xcodeproj */ = {isa = PBXFileReference; lastKnownFileType = "wrapper.pb-project"; name = hfcore_ios.xcodeproj; path = "../../op/hookflash-core/projects/xcode/hfcore_ios/hfcore_ios.xcodeproj"; sourceTree = "<group>"; };
		8792E9211651A0D000DEAC58 /* hfservices_ios.xcodeproj */ = {isa = PBXFileReference; lastKnownFileType = "wrapper.pb-project"; name = hfservices_ios.xcodeproj; path = "../../op/hookflash-core/projects/xcode/hfservices_ios/hfservices_ios.xcodeproj"; sourceTree = "<group>"; };
		8792E9AA1651A12B00DEAC58 /* cryptopp_ios.xcodeproj */ = {isa = PBXFileReference; lastKnownFileType = "wrapper.pb-project"; name = cryptopp_ios.xcodeproj; path = "../../op/hookflash-libs/cryptopp/projects/xcode/cryptopp_ios/cryptopp_ios.xcodeproj"; sourceTree = "<group>"; };
		8792E9BE1651A43E00DEAC58 /* HOPStack.h */ = {isa = PBXFileReference; fileEncoding = 4; lastKnownFileType = sourcecode.c.h; path = HOPStack.h; sourceTree = "<group>"; };
		8792E9C11651A8DA00DEAC58 /* libboost_date_time.a */ = {isa = PBXFileReference; lastKnownFileType = archive.ar; name = libboost_date_time.a; path = "../OP/hookflash-staging/iPhoneOS/lib/libboost_date_time.a"; sourceTree = "<group>"; };
		8792E9C21651A8DA00DEAC58 /* libboost_regex.a */ = {isa = PBXFileReference; lastKnownFileType = archive.ar; name = libboost_regex.a; path = "../OP/hookflash-staging/iPhoneOS/lib/libboost_regex.a"; sourceTree = "<group>"; };
		8792E9C31651A8DA00DEAC58 /* libboost_thread.a */ = {isa = PBXFileReference; lastKnownFileType = archive.ar; name = libboost_thread.a; path = "../OP/hookflash-staging/iPhoneOS/lib/libboost_thread.a"; sourceTree = "<group>"; };
		8792E9C41651A8DA00DEAC58 /* libcurl.a */ = {isa = PBXFileReference; lastKnownFileType = archive.ar; name = libcurl.a; path = "../OP/hookflash-staging/iPhoneOS/lib/libcurl.a"; sourceTree = "<group>"; };
		8792E9CC1651B21F00DEAC58 /* HOPContact.h */ = {isa = PBXFileReference; fileEncoding = 4; lastKnownFileType = sourcecode.c.h; path = HOPContact.h; sourceTree = "<group>"; };
		87A5B18C16EDE5EB007E825A /* HOPAccount.mm */ = {isa = PBXFileReference; fileEncoding = 4; lastKnownFileType = sourcecode.cpp.objcpp; path = HOPAccount.mm; sourceTree = "<group>"; };
		87A5B18E16EDE5EB007E825A /* HOPCall.mm */ = {isa = PBXFileReference; fileEncoding = 4; lastKnownFileType = sourcecode.cpp.objcpp; path = HOPCall.mm; sourceTree = "<group>"; };
		87A5B18F16EDE5EB007E825A /* HOPContact.mm */ = {isa = PBXFileReference; fileEncoding = 4; lastKnownFileType = sourcecode.cpp.objcpp; path = HOPContact.mm; sourceTree = "<group>"; };
		87A5B19016EDE5EB007E825A /* HOPConversationThread.mm */ = {isa = PBXFileReference; fileEncoding = 4; lastKnownFileType = sourcecode.cpp.objcpp; path = HOPConversationThread.mm; sourceTree = "<group>"; };
		87A5B19116EDE5EB007E825A /* HOPIdentity.mm */ = {isa = PBXFileReference; fileEncoding = 4; lastKnownFileType = sourcecode.cpp.objcpp; path = HOPIdentity.mm; sourceTree = "<group>"; };
		87A5B19316EDE5EB007E825A /* HOPLogger.mm */ = {isa = PBXFileReference; fileEncoding = 4; lastKnownFileType = sourcecode.cpp.objcpp; path = HOPLogger.mm; sourceTree = "<group>"; };
		87A5B19516EDE5EB007E825A /* HOPMediaEngine.mm */ = {isa = PBXFileReference; fileEncoding = 4; lastKnownFileType = sourcecode.cpp.objcpp; path = HOPMediaEngine.mm; sourceTree = "<group>"; };
		87A5B19616EDE5EB007E825A /* HOPMediaEngineRtpRtcpStatistics.m */ = {isa = PBXFileReference; fileEncoding = 4; lastKnownFileType = sourcecode.c.objc; path = HOPMediaEngineRtpRtcpStatistics.m; sourceTree = "<group>"; };
		87A5B19716EDE5EB007E825A /* HOPMessage.m */ = {isa = PBXFileReference; fileEncoding = 4; lastKnownFileType = sourcecode.c.objc; path = HOPMessage.m; sourceTree = "<group>"; };
		87A5B19E16EDE5EB007E825A /* HOPStack.mm */ = {isa = PBXFileReference; fileEncoding = 4; lastKnownFileType = sourcecode.cpp.objcpp; path = HOPStack.mm; sourceTree = "<group>"; };
		87A5B19F16EDE5EB007E825A /* OpenPeerLoggerDelegate.mm */ = {isa = PBXFileReference; fileEncoding = 4; lastKnownFileType = sourcecode.cpp.objcpp; path = OpenPeerLoggerDelegate.mm; sourceTree = "<group>"; };
		87A5B1B516EDE5F9007E825A /* HOPAccount_Internal.h */ = {isa = PBXFileReference; fileEncoding = 4; lastKnownFileType = sourcecode.c.h; path = HOPAccount_Internal.h; sourceTree = "<group>"; };
		87A5B1B716EDE5F9007E825A /* HOPCall_Internal.h */ = {isa = PBXFileReference; fileEncoding = 4; lastKnownFileType = sourcecode.c.h; path = HOPCall_Internal.h; sourceTree = "<group>"; };
		87A5B1B816EDE5F9007E825A /* HOPContact_Internal.h */ = {isa = PBXFileReference; fileEncoding = 4; lastKnownFileType = sourcecode.c.h; path = HOPContact_Internal.h; sourceTree = "<group>"; };
		87A5B1B916EDE5F9007E825A /* HOPConversationThread_Internal.h */ = {isa = PBXFileReference; fileEncoding = 4; lastKnownFileType = sourcecode.c.h; path = HOPConversationThread_Internal.h; sourceTree = "<group>"; };
		87A5B1BA16EDE5F9007E825A /* HOPIdentity_Internal.h */ = {isa = PBXFileReference; fileEncoding = 4; lastKnownFileType = sourcecode.c.h; path = HOPIdentity_Internal.h; sourceTree = "<group>"; };
		87A5B1BB16EDE5F9007E825A /* HOPMediaEngine_Internal.h */ = {isa = PBXFileReference; fileEncoding = 4; lastKnownFileType = sourcecode.c.h; path = HOPMediaEngine_Internal.h; sourceTree = "<group>"; };
		87A5B1C116EDE5F9007E825A /* HOPStack_Internal.h */ = {isa = PBXFileReference; fileEncoding = 4; lastKnownFileType = sourcecode.c.h; path = HOPStack_Internal.h; sourceTree = "<group>"; };
		87A5B1C216EDE5F9007E825A /* OpenPeerAccountDelegate.h */ = {isa = PBXFileReference; fileEncoding = 4; lastKnownFileType = sourcecode.c.h; path = OpenPeerAccountDelegate.h; sourceTree = "<group>"; };
		87A5B1C316EDE5F9007E825A /* OpenPeerIdentityLookupDelegate.h */ = {isa = PBXFileReference; fileEncoding = 4; lastKnownFileType = sourcecode.c.h; path = OpenPeerIdentityLookupDelegate.h; sourceTree = "<group>"; };
		87A5B1C416EDE5F9007E825A /* OpenPeerContactPeerFilePublicLookupDelegate.h */ = {isa = PBXFileReference; fileEncoding = 4; lastKnownFileType = sourcecode.c.h; path = OpenPeerContactPeerFilePublicLookupDelegate.h; sourceTree = "<group>"; };
		87A5B1C616EDE5F9007E825A /* OpenPeerCallDelegate.h */ = {isa = PBXFileReference; fileEncoding = 4; lastKnownFileType = sourcecode.c.h; path = OpenPeerCallDelegate.h; sourceTree = "<group>"; };
		87A5B1C716EDE5F9007E825A /* OpenPeerConversationThreadDelegate.h */ = {isa = PBXFileReference; fileEncoding = 4; lastKnownFileType = sourcecode.c.h; path = OpenPeerConversationThreadDelegate.h; sourceTree = "<group>"; };
		87A5B1C816EDE5F9007E825A /* OpenPeerIdentityDelegate.h */ = {isa = PBXFileReference; fileEncoding = 4; lastKnownFileType = sourcecode.c.h; path = OpenPeerIdentityDelegate.h; sourceTree = "<group>"; };
		87A5B1C916EDE5F9007E825A /* OpenPeerLoggerDelegate.h */ = {isa = PBXFileReference; fileEncoding = 4; lastKnownFileType = sourcecode.c.h; path = OpenPeerLoggerDelegate.h; sourceTree = "<group>"; };
		87A5B1CA16EDE5F9007E825A /* OpenPeerMediaEngineDelegate.h */ = {isa = PBXFileReference; fileEncoding = 4; lastKnownFileType = sourcecode.c.h; path = OpenPeerMediaEngineDelegate.h; sourceTree = "<group>"; };
		87A5B1CD16EDE5F9007E825A /* OpenPeerStackDelegate.h */ = {isa = PBXFileReference; fileEncoding = 4; lastKnownFileType = sourcecode.c.h; path = OpenPeerStackDelegate.h; sourceTree = "<group>"; };
		87A5B1CE16EDE5F9007E825A /* OpenPeerStorageManager.h */ = {isa = PBXFileReference; fileEncoding = 4; lastKnownFileType = sourcecode.c.h; path = OpenPeerStorageManager.h; sourceTree = "<group>"; };
		87A5B1CF16EDE5F9007E825A /* OpenPeerUtility.h */ = {isa = PBXFileReference; fileEncoding = 4; lastKnownFileType = sourcecode.c.h; path = OpenPeerUtility.h; sourceTree = "<group>"; };
		87A5B1D116EDE5F9007E825A /* OpenPeerAccountDelegate.mm */ = {isa = PBXFileReference; fileEncoding = 4; lastKnownFileType = sourcecode.cpp.objcpp; path = OpenPeerAccountDelegate.mm; sourceTree = "<group>"; };
		87A5B1D216EDE5F9007E825A /* OpenPeerIdentityLookupDelegate.mm */ = {isa = PBXFileReference; fileEncoding = 4; lastKnownFileType = sourcecode.cpp.objcpp; path = OpenPeerIdentityLookupDelegate.mm; sourceTree = "<group>"; };
		87A5B1D316EDE5F9007E825A /* OpenPeerContactPeerFilePublicLookupDelegate.mm */ = {isa = PBXFileReference; fileEncoding = 4; lastKnownFileType = sourcecode.cpp.objcpp; path = OpenPeerContactPeerFilePublicLookupDelegate.mm; sourceTree = "<group>"; };
		87A5B1D516EDE5F9007E825A /* OpenPeerCallDelegate.mm */ = {isa = PBXFileReference; fileEncoding = 4; lastKnownFileType = sourcecode.cpp.objcpp; path = OpenPeerCallDelegate.mm; sourceTree = "<group>"; };
		87A5B1D616EDE5F9007E825A /* OpenPeerConversationThreadDelegate.mm */ = {isa = PBXFileReference; fileEncoding = 4; lastKnownFileType = sourcecode.cpp.objcpp; path = OpenPeerConversationThreadDelegate.mm; sourceTree = "<group>"; };
		87A5B1D716EDE5F9007E825A /* OpenPeerIdentityDelegate.mm */ = {isa = PBXFileReference; fileEncoding = 4; lastKnownFileType = sourcecode.cpp.objcpp; path = OpenPeerIdentityDelegate.mm; sourceTree = "<group>"; };
		87A5B1D816EDE5F9007E825A /* OpenPeerMediaEngineDelegate.mm */ = {isa = PBXFileReference; fileEncoding = 4; lastKnownFileType = sourcecode.cpp.objcpp; path = OpenPeerMediaEngineDelegate.mm; sourceTree = "<group>"; };
		87A5B1DB16EDE5F9007E825A /* OpenPeerStackDelegate.mm */ = {isa = PBXFileReference; fileEncoding = 4; lastKnownFileType = sourcecode.cpp.objcpp; path = OpenPeerStackDelegate.mm; sourceTree = "<group>"; };
		87A5B1DC16EDE5F9007E825A /* OpenPeerStorageManager.mm */ = {isa = PBXFileReference; fileEncoding = 4; lastKnownFileType = sourcecode.cpp.objcpp; path = OpenPeerStorageManager.mm; sourceTree = "<group>"; };
		87A5B1DD16EDE5F9007E825A /* OpenPeerUtility.mm */ = {isa = PBXFileReference; fileEncoding = 4; lastKnownFileType = sourcecode.cpp.objcpp; path = OpenPeerUtility.mm; sourceTree = "<group>"; };
		87A5B20616EDE648007E825A /* HOPIdentityLookup.mm */ = {isa = PBXFileReference; fileEncoding = 4; lastKnownFileType = sourcecode.cpp.objcpp; path = HOPIdentityLookup.mm; sourceTree = "<group>"; };
		87A5B20816EDE656007E825A /* HOPIdentityLookup.h */ = {isa = PBXFileReference; lastKnownFileType = sourcecode.c.h; path = HOPIdentityLookup.h; sourceTree = "<group>"; };
		87A5B20916EDE9A4007E825A /* HOPIdentityLookup_Internal.h */ = {isa = PBXFileReference; lastKnownFileType = sourcecode.c.h; path = HOPIdentityLookup_Internal.h; sourceTree = "<group>"; };
		87A5B20A16EE0B42007E825A /* HOPContactPeerFilePublicLookup.h */ = {isa = PBXFileReference; lastKnownFileType = sourcecode.c.h; path = HOPContactPeerFilePublicLookup.h; sourceTree = "<group>"; };
		87A5B20B16EE0B9F007E825A /* HOPContactPeerFilePublicLookup.mm */ = {isa = PBXFileReference; fileEncoding = 4; lastKnownFileType = sourcecode.cpp.objcpp; path = HOPContactPeerFilePublicLookup.mm; sourceTree = "<group>"; };
		87A5B20D16EE0BDF007E825A /* HOPContactPeerFilePublicLookup_Internal.h */ = {isa = PBXFileReference; lastKnownFileType = sourcecode.c.h; path = HOPContactPeerFilePublicLookup_Internal.h; sourceTree = "<group>"; };
		87DFA51D16E7576900C77326 /* HOPLogger.h */ = {isa = PBXFileReference; lastKnownFileType = sourcecode.c.h; path = HOPLogger.h; sourceTree = "<group>"; };
		87FA4CE0165F891A00F7D973 /* HOPIdentity.h */ = {isa = PBXFileReference; fileEncoding = 4; lastKnownFileType = sourcecode.c.h; path = HOPIdentity.h; sourceTree = "<group>"; };
		B21C5F76171858A7000DE24B /* libjpeg.a */ = {isa = PBXFileReference; lastKnownFileType = archive.ar; name = libjpeg.a; path = "../../../Library/Developer/Xcode/DerivedData/OpenPeerSampleApp-cftdsctvkylhnlevptuuuinhsuix/Build/Products/Debug-iphoneos/libjpeg.a"; sourceTree = "<group>"; };
		B21C5F77171858A8000DE24B /* libsimd-arm.a */ = {isa = PBXFileReference; lastKnownFileType = archive.ar; name = "libsimd-arm.a"; path = "../../../Library/Developer/Xcode/DerivedData/OpenPeerSampleApp-cftdsctvkylhnlevptuuuinhsuix/Build/Products/Debug-iphoneos/libsimd-arm.a"; sourceTree = "<group>"; };
		B21C5F78171858A8000DE24B /* libturbojpeg.a */ = {isa = PBXFileReference; lastKnownFileType = archive.ar; name = libturbojpeg.a; path = "../../../Library/Developer/Xcode/DerivedData/OpenPeerSampleApp-cftdsctvkylhnlevptuuuinhsuix/Build/Products/Debug-iphoneos/libturbojpeg.a"; sourceTree = "<group>"; };
		B22AB95E17186922002F31E0 /* libvpx_ios.a */ = {isa = PBXFileReference; lastKnownFileType = archive.ar; name = libvpx_ios.a; path = "../../../Library/Developer/Xcode/DerivedData/OpenPeerSampleApp-cftdsctvkylhnlevptuuuinhsuix/Build/Products/Debug-iphoneos/libvpx_ios.a"; sourceTree = "<group>"; };
		B22AB96A17186CA1002F31E0 /* libvideo_coding_utility.a */ = {isa = PBXFileReference; lastKnownFileType = archive.ar; name = libvideo_coding_utility.a; path = "/Users/johnny/Documents/IDG/op/hookflash-libs/webRTC/webrtc/modules/video_coding/utility/../../../../xcodebuild/Debug-iphoneos/libvideo_coding_utility.a"; sourceTree = "<absolute>"; };
		B282064517160DAE000D5D3C /* webrtc.xcodeproj */ = {isa = PBXFileReference; lastKnownFileType = "wrapper.pb-project"; name = webrtc.xcodeproj; path = "../../op/hookflash-libs/webRTC/webrtc.xcodeproj"; sourceTree = "<group>"; };
		B2F7042B171763660077E273 /* libsignal_processing.a */ = {isa = PBXFileReference; lastKnownFileType = archive.ar; name = libsignal_processing.a; path = "../../../Library/Developer/Xcode/DerivedData/OpenPeerSampleApp-cftdsctvkylhnlevptuuuinhsuix/Build/Products/Debug-iphoneos/libsignal_processing.a"; sourceTree = "<group>"; };
		B2F7042D1717636E0077E273 /* libresampler.a */ = {isa = PBXFileReference; lastKnownFileType = archive.ar; name = libresampler.a; path = "../../../Library/Developer/Xcode/DerivedData/OpenPeerSampleApp-cftdsctvkylhnlevptuuuinhsuix/Build/Products/Debug-iphoneos/libresampler.a"; sourceTree = "<group>"; };
		B2F7042F171763750077E273 /* libvad.a */ = {isa = PBXFileReference; lastKnownFileType = archive.ar; name = libvad.a; path = "../../../Library/Developer/Xcode/DerivedData/OpenPeerSampleApp-cftdsctvkylhnlevptuuuinhsuix/Build/Products/Debug-iphoneos/libvad.a"; sourceTree = "<group>"; };
		B2F704311717638F0077E273 /* libcommon_video.a */ = {isa = PBXFileReference; lastKnownFileType = archive.ar; name = libcommon_video.a; path = "../../../Library/Developer/Xcode/DerivedData/OpenPeerSampleApp-cftdsctvkylhnlevptuuuinhsuix/Build/Products/Debug-iphoneos/libcommon_video.a"; sourceTree = "<group>"; };
		B2F70433171763BA0077E273 /* libwebrtc_vp8.a */ = {isa = PBXFileReference; lastKnownFileType = archive.ar; name = libwebrtc_vp8.a; path = "../../../Library/Developer/Xcode/DerivedData/OpenPeerSampleApp-cftdsctvkylhnlevptuuuinhsuix/Build/Products/Debug-iphoneos/libwebrtc_vp8.a"; sourceTree = "<group>"; };
		B2F70435171763C30077E273 /* libvoice_engine_core.a */ = {isa = PBXFileReference; lastKnownFileType = archive.ar; name = libvoice_engine_core.a; path = "../../../Library/Developer/Xcode/DerivedData/OpenPeerSampleApp-cftdsctvkylhnlevptuuuinhsuix/Build/Products/Debug-iphoneos/libvoice_engine_core.a"; sourceTree = "<group>"; };
		B2F70437171763CC0077E273 /* libvideo_engine_core.a */ = {isa = PBXFileReference; lastKnownFileType = archive.ar; name = libvideo_engine_core.a; path = "../../../Library/Developer/Xcode/DerivedData/OpenPeerSampleApp-cftdsctvkylhnlevptuuuinhsuix/Build/Products/Debug-iphoneos/libvideo_engine_core.a"; sourceTree = "<group>"; };
		B2F70439171763D70077E273 /* libsystem_wrappers.a */ = {isa = PBXFileReference; lastKnownFileType = archive.ar; name = libsystem_wrappers.a; path = "../../../Library/Developer/Xcode/DerivedData/OpenPeerSampleApp-cftdsctvkylhnlevptuuuinhsuix/Build/Products/Debug-iphoneos/libsystem_wrappers.a"; sourceTree = "<group>"; };
		B2F7043B1717642D0077E273 /* libCNG.a */ = {isa = PBXFileReference; lastKnownFileType = archive.ar; name = libCNG.a; path = "../../../Library/Developer/Xcode/DerivedData/OpenPeerSampleApp-cftdsctvkylhnlevptuuuinhsuix/Build/Products/Debug-iphoneos/libCNG.a"; sourceTree = "<group>"; };
		B2F7043C1717642D0077E273 /* libG711.a */ = {isa = PBXFileReference; lastKnownFileType = archive.ar; name = libG711.a; path = "../../../Library/Developer/Xcode/DerivedData/OpenPeerSampleApp-cftdsctvkylhnlevptuuuinhsuix/Build/Products/Debug-iphoneos/libG711.a"; sourceTree = "<group>"; };
		B2F7043D1717642D0077E273 /* libG722.a */ = {isa = PBXFileReference; lastKnownFileType = archive.ar; name = libG722.a; path = "../../../Library/Developer/Xcode/DerivedData/OpenPeerSampleApp-cftdsctvkylhnlevptuuuinhsuix/Build/Products/Debug-iphoneos/libG722.a"; sourceTree = "<group>"; };
		B2F7043E1717642E0077E273 /* libiLBC.a */ = {isa = PBXFileReference; lastKnownFileType = archive.ar; name = libiLBC.a; path = "../../../Library/Developer/Xcode/DerivedData/OpenPeerSampleApp-cftdsctvkylhnlevptuuuinhsuix/Build/Products/Debug-iphoneos/libiLBC.a"; sourceTree = "<group>"; };
		B2F7043F1717642E0077E273 /* libiSAC.a */ = {isa = PBXFileReference; lastKnownFileType = archive.ar; name = libiSAC.a; path = "../../../Library/Developer/Xcode/DerivedData/OpenPeerSampleApp-cftdsctvkylhnlevptuuuinhsuix/Build/Products/Debug-iphoneos/libiSAC.a"; sourceTree = "<group>"; };
		B2F704401717642E0077E273 /* libiSACFix.a */ = {isa = PBXFileReference; lastKnownFileType = archive.ar; name = libiSACFix.a; path = "../../../Library/Developer/Xcode/DerivedData/OpenPeerSampleApp-cftdsctvkylhnlevptuuuinhsuix/Build/Products/Debug-iphoneos/libiSACFix.a"; sourceTree = "<group>"; };
		B2F704411717642E0077E273 /* libNetEq.a */ = {isa = PBXFileReference; lastKnownFileType = archive.ar; name = libNetEq.a; path = "../../../Library/Developer/Xcode/DerivedData/OpenPeerSampleApp-cftdsctvkylhnlevptuuuinhsuix/Build/Products/Debug-iphoneos/libNetEq.a"; sourceTree = "<group>"; };
		B2F704421717642E0077E273 /* libNetEq4.a */ = {isa = PBXFileReference; lastKnownFileType = archive.ar; name = libNetEq4.a; path = "../../../Library/Developer/Xcode/DerivedData/OpenPeerSampleApp-cftdsctvkylhnlevptuuuinhsuix/Build/Products/Debug-iphoneos/libNetEq4.a"; sourceTree = "<group>"; };
		B2F704431717642E0077E273 /* libPCM16B.a */ = {isa = PBXFileReference; lastKnownFileType = archive.ar; name = libPCM16B.a; path = "../../../Library/Developer/Xcode/DerivedData/OpenPeerSampleApp-cftdsctvkylhnlevptuuuinhsuix/Build/Products/Debug-iphoneos/libPCM16B.a"; sourceTree = "<group>"; };
		B2F7044D1717647A0077E273 /* libaudio_coding_module.a */ = {isa = PBXFileReference; lastKnownFileType = archive.ar; name = libaudio_coding_module.a; path = "../../../Library/Developer/Xcode/DerivedData/OpenPeerSampleApp-cftdsctvkylhnlevptuuuinhsuix/Build/Products/Debug-iphoneos/libaudio_coding_module.a"; sourceTree = "<group>"; };
		B2F7044E1717647A0077E273 /* libaudio_conference_mixer.a */ = {isa = PBXFileReference; lastKnownFileType = archive.ar; name = libaudio_conference_mixer.a; path = "../../../Library/Developer/Xcode/DerivedData/OpenPeerSampleApp-cftdsctvkylhnlevptuuuinhsuix/Build/Products/Debug-iphoneos/libaudio_conference_mixer.a"; sourceTree = "<group>"; };
		B2F7044F1717647A0077E273 /* libaudio_device.a */ = {isa = PBXFileReference; lastKnownFileType = archive.ar; name = libaudio_device.a; path = "../../../Library/Developer/Xcode/DerivedData/OpenPeerSampleApp-cftdsctvkylhnlevptuuuinhsuix/Build/Products/Debug-iphoneos/libaudio_device.a"; sourceTree = "<group>"; };
		B2F704501717647A0077E273 /* libaudio_processing.a */ = {isa = PBXFileReference; lastKnownFileType = archive.ar; name = libaudio_processing.a; path = "../../../Library/Developer/Xcode/DerivedData/OpenPeerSampleApp-cftdsctvkylhnlevptuuuinhsuix/Build/Products/Debug-iphoneos/libaudio_processing.a"; sourceTree = "<group>"; };
		B2F704511717647A0077E273 /* libbitrate_controller.a */ = {isa = PBXFileReference; lastKnownFileType = archive.ar; name = libbitrate_controller.a; path = "../../../Library/Developer/Xcode/DerivedData/OpenPeerSampleApp-cftdsctvkylhnlevptuuuinhsuix/Build/Products/Debug-iphoneos/libbitrate_controller.a"; sourceTree = "<group>"; };
		B2F704521717647A0077E273 /* libmedia_file.a */ = {isa = PBXFileReference; lastKnownFileType = archive.ar; name = libmedia_file.a; path = "../../../Library/Developer/Xcode/DerivedData/OpenPeerSampleApp-cftdsctvkylhnlevptuuuinhsuix/Build/Products/Debug-iphoneos/libmedia_file.a"; sourceTree = "<group>"; };
		B2F704531717647B0077E273 /* libpaced_sender.a */ = {isa = PBXFileReference; lastKnownFileType = archive.ar; name = libpaced_sender.a; path = "../../../Library/Developer/Xcode/DerivedData/OpenPeerSampleApp-cftdsctvkylhnlevptuuuinhsuix/Build/Products/Debug-iphoneos/libpaced_sender.a"; sourceTree = "<group>"; };
		B2F704541717647B0077E273 /* libremote_bitrate_estimator.a */ = {isa = PBXFileReference; lastKnownFileType = archive.ar; name = libremote_bitrate_estimator.a; path = "../../../Library/Developer/Xcode/DerivedData/OpenPeerSampleApp-cftdsctvkylhnlevptuuuinhsuix/Build/Products/Debug-iphoneos/libremote_bitrate_estimator.a"; sourceTree = "<group>"; };
		B2F704551717647B0077E273 /* librtp_rtcp.a */ = {isa = PBXFileReference; lastKnownFileType = archive.ar; name = librtp_rtcp.a; path = "../../../Library/Developer/Xcode/DerivedData/OpenPeerSampleApp-cftdsctvkylhnlevptuuuinhsuix/Build/Products/Debug-iphoneos/librtp_rtcp.a"; sourceTree = "<group>"; };
		B2F704561717647B0077E273 /* libvideo_capture_module.a */ = {isa = PBXFileReference; lastKnownFileType = archive.ar; name = libvideo_capture_module.a; path = "../../../Library/Developer/Xcode/DerivedData/OpenPeerSampleApp-cftdsctvkylhnlevptuuuinhsuix/Build/Products/Debug-iphoneos/libvideo_capture_module.a"; sourceTree = "<group>"; };
		B2F704571717647B0077E273 /* libvideo_processing.a */ = {isa = PBXFileReference; lastKnownFileType = archive.ar; name = libvideo_processing.a; path = "../../../Library/Developer/Xcode/DerivedData/OpenPeerSampleApp-cftdsctvkylhnlevptuuuinhsuix/Build/Products/Debug-iphoneos/libvideo_processing.a"; sourceTree = "<group>"; };
		B2F704581717647B0077E273 /* libvideo_render_module.a */ = {isa = PBXFileReference; lastKnownFileType = archive.ar; name = libvideo_render_module.a; path = "../../../Library/Developer/Xcode/DerivedData/OpenPeerSampleApp-cftdsctvkylhnlevptuuuinhsuix/Build/Products/Debug-iphoneos/libvideo_render_module.a"; sourceTree = "<group>"; };
		B2F704591717647C0077E273 /* libwebrtc_i420.a */ = {isa = PBXFileReference; lastKnownFileType = archive.ar; name = libwebrtc_i420.a; path = "../../../Library/Developer/Xcode/DerivedData/OpenPeerSampleApp-cftdsctvkylhnlevptuuuinhsuix/Build/Products/Debug-iphoneos/libwebrtc_i420.a"; sourceTree = "<group>"; };
		B2F7045A1717647C0077E273 /* libwebrtc_opus.a */ = {isa = PBXFileReference; lastKnownFileType = archive.ar; name = libwebrtc_opus.a; path = "../../../Library/Developer/Xcode/DerivedData/OpenPeerSampleApp-cftdsctvkylhnlevptuuuinhsuix/Build/Products/Debug-iphoneos/libwebrtc_opus.a"; sourceTree = "<group>"; };
		B2F70469171764990077E273 /* libwebrtc_utility.a */ = {isa = PBXFileReference; lastKnownFileType = archive.ar; name = libwebrtc_utility.a; path = "../../../Library/Developer/Xcode/DerivedData/OpenPeerSampleApp-cftdsctvkylhnlevptuuuinhsuix/Build/Products/Debug-iphoneos/libwebrtc_utility.a"; sourceTree = "<group>"; };
		B2F7046A171764990077E273 /* libwebrtc_video_coding.a */ = {isa = PBXFileReference; lastKnownFileType = archive.ar; name = libwebrtc_video_coding.a; path = "../../../Library/Developer/Xcode/DerivedData/OpenPeerSampleApp-cftdsctvkylhnlevptuuuinhsuix/Build/Products/Debug-iphoneos/libwebrtc_video_coding.a"; sourceTree = "<group>"; };
		B2F7047A171766000077E273 /* libyuv.a */ = {isa = PBXFileReference; lastKnownFileType = archive.ar; name = libyuv.a; path = "../../../Library/Developer/Xcode/DerivedData/OpenPeerSampleApp-cftdsctvkylhnlevptuuuinhsuix/Build/Products/Debug-iphoneos/libyuv.a"; sourceTree = "<group>"; };
		B2F7047C171766050077E273 /* libopus.a */ = {isa = PBXFileReference; lastKnownFileType = archive.ar; name = libopus.a; path = "../../../Library/Developer/Xcode/DerivedData/OpenPeerSampleApp-cftdsctvkylhnlevptuuuinhsuix/Build/Products/Debug-iphoneos/libopus.a"; sourceTree = "<group>"; };
/* End PBXFileReference section */

/* Begin PBXFrameworksBuildPhase section */
		8792E86516519CFF00DEAC58 /* Frameworks */ = {
			isa = PBXFrameworksBuildPhase;
			buildActionMask = 2147483647;
			files = (
				B22AB96B17186CA1002F31E0 /* libvideo_coding_utility.a in Frameworks */,
				B21C5F79171858A9000DE24B /* libjpeg.a in Frameworks */,
				B21C5F7A171858A9000DE24B /* libsimd-arm.a in Frameworks */,
				B21C5F7B171858A9000DE24B /* libturbojpeg.a in Frameworks */,
				B2F7046B171764990077E273 /* libwebrtc_utility.a in Frameworks */,
				B2F7046C171764990077E273 /* libwebrtc_video_coding.a in Frameworks */,
				B2F7045B1717647C0077E273 /* libaudio_coding_module.a in Frameworks */,
				B2F7045C1717647C0077E273 /* libaudio_conference_mixer.a in Frameworks */,
				B2F7045D1717647C0077E273 /* libaudio_device.a in Frameworks */,
				B2F7045E1717647C0077E273 /* libaudio_processing.a in Frameworks */,
				B2F7045F1717647C0077E273 /* libbitrate_controller.a in Frameworks */,
				B2F704601717647C0077E273 /* libmedia_file.a in Frameworks */,
				B2F704611717647C0077E273 /* libpaced_sender.a in Frameworks */,
				B2F704621717647C0077E273 /* libremote_bitrate_estimator.a in Frameworks */,
				B22AB95F17186922002F31E0 /* libvpx_ios.a in Frameworks */,
				B2F704631717647C0077E273 /* librtp_rtcp.a in Frameworks */,
				B2F704641717647C0077E273 /* libvideo_capture_module.a in Frameworks */,
				B2F704651717647C0077E273 /* libvideo_processing.a in Frameworks */,
				B2F704661717647C0077E273 /* libvideo_render_module.a in Frameworks */,
				B2F704671717647C0077E273 /* libwebrtc_i420.a in Frameworks */,
				B2F704681717647C0077E273 /* libwebrtc_opus.a in Frameworks */,
				B2F704441717642F0077E273 /* libCNG.a in Frameworks */,
				B2F704451717642F0077E273 /* libG711.a in Frameworks */,
				B2F704461717642F0077E273 /* libG722.a in Frameworks */,
				B2F704471717642F0077E273 /* libiLBC.a in Frameworks */,
				B2F704481717642F0077E273 /* libiSAC.a in Frameworks */,
				B2F704491717642F0077E273 /* libiSACFix.a in Frameworks */,
				B2F7044A1717642F0077E273 /* libNetEq.a in Frameworks */,
				B2F7044B1717642F0077E273 /* libNetEq4.a in Frameworks */,
				B2F7044C1717642F0077E273 /* libPCM16B.a in Frameworks */,
				B2F7047B171766000077E273 /* libyuv.a in Frameworks */,
				B2F7042C171763660077E273 /* libsignal_processing.a in Frameworks */,
				B2F7047D171766050077E273 /* libopus.a in Frameworks */,
				B2F7042E1717636E0077E273 /* libresampler.a in Frameworks */,
				B2F70430171763750077E273 /* libvad.a in Frameworks */,
				B2F70432171763900077E273 /* libcommon_video.a in Frameworks */,
				B2F70436171763C30077E273 /* libvoice_engine_core.a in Frameworks */,
				B2F70434171763BA0077E273 /* libwebrtc_vp8.a in Frameworks */,
				B2F70438171763CC0077E273 /* libvideo_engine_core.a in Frameworks */,
				B2F7043A171763D70077E273 /* libsystem_wrappers.a in Frameworks */,
				87F9074616EF465300B0D22C /* libcryptopp_ios.a in Frameworks */,
				87F9074916EF465300B0D22C /* libhfcore_ios.a in Frameworks */,
				87F9074A16EF465300B0D22C /* libhfservices_ios.a in Frameworks */,
				87F9074B16EF465300B0D22C /* libhfstack_ios.a in Frameworks */,
				87F9075B16EF465300B0D22C /* libudns_ios.a in Frameworks */,
				87F9076C16EF465300B0D22C /* libzsLib_ios.a in Frameworks */,
				87343EDC165A50D60070E6E0 /* UIKit.framework in Frameworks */,
				8792E9C51651A8DA00DEAC58 /* libboost_date_time.a in Frameworks */,
				8792E9C61651A8DA00DEAC58 /* libboost_regex.a in Frameworks */,
				8792E9C71651A8DA00DEAC58 /* libboost_thread.a in Frameworks */,
				8792E9C81651A8DA00DEAC58 /* libcurl.a in Frameworks */,
				8792E86C16519CFF00DEAC58 /* Foundation.framework in Frameworks */,
			);
			runOnlyForDeploymentPostprocessing = 0;
		};
/* End PBXFrameworksBuildPhase section */

/* Begin PBXGroup section */
		8786890B16E609240090A3D9 /* Products */ = {
			isa = PBXGroup;
			children = (
				8786890F16E609240090A3D9 /* libhfcore_ios.a */,
			);
			name = Products;
			sourceTree = "<group>";
		};
		8786891016E609390090A3D9 /* Products */ = {
			isa = PBXGroup;
			children = (
				8786891416E609390090A3D9 /* libhfstack_ios.a */,
			);
			name = Products;
			sourceTree = "<group>";
		};
		8786891516E609560090A3D9 /* Products */ = {
			isa = PBXGroup;
			children = (
				8786891916E609560090A3D9 /* libhfservices_ios.a */,
			);
			name = Products;
			sourceTree = "<group>";
		};
		8786891A16E609660090A3D9 /* Products */ = {
			isa = PBXGroup;
			children = (
				8786891E16E609660090A3D9 /* libzsLib_ios.a */,
			);
			name = Products;
			sourceTree = "<group>";
		};
		8786891F16E609740090A3D9 /* Products */ = {
			isa = PBXGroup;
			children = (
				8786892316E609740090A3D9 /* libudns_ios.a */,
			);
			name = Products;
			sourceTree = "<group>";
		};
		8786892416E609830090A3D9 /* Products */ = {
			isa = PBXGroup;
			children = (
				8786892816E609830090A3D9 /* libcryptopp_ios.a */,
			);
			name = Products;
			sourceTree = "<group>";
		};
		8792E85D16519CFF00DEAC58 = {
			isa = PBXGroup;
			children = (
				B22AB96A17186CA1002F31E0 /* libvideo_coding_utility.a */,
				B22AB96017186A3D002F31E0 /* thirdparty-libs */,
				8792E8F21651A01400DEAC58 /* Core Projects */,
				8792E86D16519CFF00DEAC58 /* openpeer-ios-sdk */,
				8792E86A16519CFF00DEAC58 /* Frameworks */,
				8792E86916519CFF00DEAC58 /* Products */,
			);
			sourceTree = "<group>";
		};
		8792E86916519CFF00DEAC58 /* Products */ = {
			isa = PBXGroup;
			children = (
				8792E86816519CFF00DEAC58 /* libOpenpeerSDK.a */,
			);
			name = Products;
			sourceTree = "<group>";
		};
		8792E86A16519CFF00DEAC58 /* Frameworks */ = {
			isa = PBXGroup;
			children = (
				87343EDB165A50D60070E6E0 /* UIKit.framework */,
				8792E86B16519CFF00DEAC58 /* Foundation.framework */,
			);
			name = Frameworks;
			sourceTree = "<group>";
		};
		8792E86D16519CFF00DEAC58 /* openpeer-ios-sdk */ = {
			isa = PBXGroup;
			children = (
				87A5B1B416EDE5F9007E825A /* internal */,
				87A5B18B16EDE5EB007E825A /* source */,
				8792E86E16519CFF00DEAC58 /* Supporting Files */,
				872E40771653CFE2006ECA60 /* HOPTypes.h */,
				8792E9BE1651A43E00DEAC58 /* HOPStack.h */,
				874F65A716528FCF00E580F0 /* HOPProtocols.h */,
				874F65731652628500E580F0 /* HOPCall.h */,
				8792E9CC1651B21F00DEAC58 /* HOPContact.h */,
				874F6579165264BF00E580F0 /* HOPConversationThread.h */,
				874F657C1652652A00E580F0 /* HOPMediaEngine.h */,
				87343FE9165E4B0C0070E6E0 /* HOPMediaEngineRtpRtcpStatistics.h */,
				87FA4CE0165F891A00F7D973 /* HOPIdentity.h */,
				872725C1166636F50089CBB6 /* HOPMessage.h */,
				87DFA51D16E7576900C77326 /* HOPLogger.h */,
				8740FFD316E88A37008016C0 /* HOPAccount.h */,
				87A5B20816EDE656007E825A /* HOPIdentityLookup.h */,
				87A5B20A16EE0B42007E825A /* HOPContactPeerFilePublicLookup.h */,
			);
			path = "openpeer-ios-sdk";
			sourceTree = "<group>";
		};
		8792E86E16519CFF00DEAC58 /* Supporting Files */ = {
			isa = PBXGroup;
			children = (
				8792E86F16519CFF00DEAC58 /* openpeer-ios-sdk-Prefix.pch */,
			);
			name = "Supporting Files";
			sourceTree = "<group>";
		};
		8792E8F21651A01400DEAC58 /* Core Projects */ = {
			isa = PBXGroup;
			children = (
				B282064517160DAE000D5D3C /* webrtc.xcodeproj */,
				8792E9151651A0BB00DEAC58 /* hfcore_ios.xcodeproj */,
				8792E9091651A0A600DEAC58 /* hfstack_ios.xcodeproj */,
				8792E9211651A0D000DEAC58 /* hfservices_ios.xcodeproj */,
				8792E9AA1651A12B00DEAC58 /* cryptopp_ios.xcodeproj */,
				8792E8FD1651A08F00DEAC58 /* udns_ios.xcodeproj */,
				8792E8F41651A04800DEAC58 /* zsLib_ios.xcodeproj */,
			);
			name = "Core Projects";
			path = "openpeer-ios-sdk";
			sourceTree = "<group>";
		};
		87A5B18B16EDE5EB007E825A /* source */ = {
			isa = PBXGroup;
			children = (
				87A5B18C16EDE5EB007E825A /* HOPAccount.mm */,
				87A5B18E16EDE5EB007E825A /* HOPCall.mm */,
				87A5B18F16EDE5EB007E825A /* HOPContact.mm */,
				87A5B19016EDE5EB007E825A /* HOPConversationThread.mm */,
				87A5B19116EDE5EB007E825A /* HOPIdentity.mm */,
				87A5B19316EDE5EB007E825A /* HOPLogger.mm */,
				87A5B19516EDE5EB007E825A /* HOPMediaEngine.mm */,
				87A5B19616EDE5EB007E825A /* HOPMediaEngineRtpRtcpStatistics.m */,
				87A5B19716EDE5EB007E825A /* HOPMessage.m */,
				87A5B19E16EDE5EB007E825A /* HOPStack.mm */,
				87A5B19F16EDE5EB007E825A /* OpenPeerLoggerDelegate.mm */,
				87A5B20616EDE648007E825A /* HOPIdentityLookup.mm */,
				87A5B20B16EE0B9F007E825A /* HOPContactPeerFilePublicLookup.mm */,
			);
			path = source;
			sourceTree = "<group>";
		};
		87A5B1B416EDE5F9007E825A /* internal */ = {
			isa = PBXGroup;
			children = (
				87A5B1B516EDE5F9007E825A /* HOPAccount_Internal.h */,
				87A5B1B716EDE5F9007E825A /* HOPCall_Internal.h */,
				87A5B1B816EDE5F9007E825A /* HOPContact_Internal.h */,
				87A5B1B916EDE5F9007E825A /* HOPConversationThread_Internal.h */,
				87A5B1BA16EDE5F9007E825A /* HOPIdentity_Internal.h */,
				87A5B1BB16EDE5F9007E825A /* HOPMediaEngine_Internal.h */,
				87A5B1C116EDE5F9007E825A /* HOPStack_Internal.h */,
				87A5B1C216EDE5F9007E825A /* OpenPeerAccountDelegate.h */,
				87A5B1C316EDE5F9007E825A /* OpenPeerIdentityLookupDelegate.h */,
				87A5B1C416EDE5F9007E825A /* OpenPeerContactPeerFilePublicLookupDelegate.h */,
				87A5B1C616EDE5F9007E825A /* OpenPeerCallDelegate.h */,
				87A5B1C716EDE5F9007E825A /* OpenPeerConversationThreadDelegate.h */,
				87A5B1C816EDE5F9007E825A /* OpenPeerIdentityDelegate.h */,
				87A5B1C916EDE5F9007E825A /* OpenPeerLoggerDelegate.h */,
				87A5B1CA16EDE5F9007E825A /* OpenPeerMediaEngineDelegate.h */,
				87A5B1CD16EDE5F9007E825A /* OpenPeerStackDelegate.h */,
				87A5B1CE16EDE5F9007E825A /* OpenPeerStorageManager.h */,
				87A5B1CF16EDE5F9007E825A /* OpenPeerUtility.h */,
				87A5B1D016EDE5F9007E825A /* source */,
				87A5B20916EDE9A4007E825A /* HOPIdentityLookup_Internal.h */,
				87A5B20D16EE0BDF007E825A /* HOPContactPeerFilePublicLookup_Internal.h */,
			);
			path = internal;
			sourceTree = "<group>";
		};
		87A5B1D016EDE5F9007E825A /* source */ = {
			isa = PBXGroup;
			children = (
				87A5B1D116EDE5F9007E825A /* OpenPeerAccountDelegate.mm */,
				87A5B1D216EDE5F9007E825A /* OpenPeerIdentityLookupDelegate.mm */,
				87A5B1D316EDE5F9007E825A /* OpenPeerContactPeerFilePublicLookupDelegate.mm */,
				87A5B1D516EDE5F9007E825A /* OpenPeerCallDelegate.mm */,
				87A5B1D616EDE5F9007E825A /* OpenPeerConversationThreadDelegate.mm */,
				87A5B1D716EDE5F9007E825A /* OpenPeerIdentityDelegate.mm */,
				87A5B1D816EDE5F9007E825A /* OpenPeerMediaEngineDelegate.mm */,
				87A5B1DB16EDE5F9007E825A /* OpenPeerStackDelegate.mm */,
				87A5B1DC16EDE5F9007E825A /* OpenPeerStorageManager.mm */,
				87A5B1DD16EDE5F9007E825A /* OpenPeerUtility.mm */,
			);
			path = source;
			sourceTree = "<group>";
		};
		B22AB96017186A3D002F31E0 /* thirdparty-libs */ = {
			isa = PBXGroup;
			children = (
				B22AB95E17186922002F31E0 /* libvpx_ios.a */,
				B21C5F76171858A7000DE24B /* libjpeg.a */,
				B21C5F77171858A8000DE24B /* libsimd-arm.a */,
				B21C5F78171858A8000DE24B /* libturbojpeg.a */,
				B2F7047C171766050077E273 /* libopus.a */,
				B2F7047A171766000077E273 /* libyuv.a */,
				B2F70469171764990077E273 /* libwebrtc_utility.a */,
				B2F7046A171764990077E273 /* libwebrtc_video_coding.a */,
				B2F7044D1717647A0077E273 /* libaudio_coding_module.a */,
				B2F7044E1717647A0077E273 /* libaudio_conference_mixer.a */,
				B2F7044F1717647A0077E273 /* libaudio_device.a */,
				B2F704501717647A0077E273 /* libaudio_processing.a */,
				B2F704511717647A0077E273 /* libbitrate_controller.a */,
				B2F704521717647A0077E273 /* libmedia_file.a */,
				B2F704531717647B0077E273 /* libpaced_sender.a */,
				B2F704541717647B0077E273 /* libremote_bitrate_estimator.a */,
				B2F704551717647B0077E273 /* librtp_rtcp.a */,
				B2F704561717647B0077E273 /* libvideo_capture_module.a */,
				B2F704571717647B0077E273 /* libvideo_processing.a */,
				B2F704581717647B0077E273 /* libvideo_render_module.a */,
				B2F704591717647C0077E273 /* libwebrtc_i420.a */,
				B2F7045A1717647C0077E273 /* libwebrtc_opus.a */,
				B2F7043B1717642D0077E273 /* libCNG.a */,
				B2F7043C1717642D0077E273 /* libG711.a */,
				B2F7043D1717642D0077E273 /* libG722.a */,
				B2F7043E1717642E0077E273 /* libiLBC.a */,
				B2F7043F1717642E0077E273 /* libiSAC.a */,
				B2F704401717642E0077E273 /* libiSACFix.a */,
				B2F704411717642E0077E273 /* libNetEq.a */,
				B2F704421717642E0077E273 /* libNetEq4.a */,
				B2F704431717642E0077E273 /* libPCM16B.a */,
				B2F70439171763D70077E273 /* libsystem_wrappers.a */,
				B2F70437171763CC0077E273 /* libvideo_engine_core.a */,
				B2F70435171763C30077E273 /* libvoice_engine_core.a */,
				B2F70433171763BA0077E273 /* libwebrtc_vp8.a */,
				B2F704311717638F0077E273 /* libcommon_video.a */,
				B2F7042F171763750077E273 /* libvad.a */,
				B2F7042D1717636E0077E273 /* libresampler.a */,
				B2F7042B171763660077E273 /* libsignal_processing.a */,
				874ADC38166DF0F30095FE33 /* libresolv.dylib */,
				874ADC36166DF0E20095FE33 /* libz.dylib */,
				8792E9C11651A8DA00DEAC58 /* libboost_date_time.a */,
				8792E9C21651A8DA00DEAC58 /* libboost_regex.a */,
				8792E9C31651A8DA00DEAC58 /* libboost_thread.a */,
				8792E9C41651A8DA00DEAC58 /* libcurl.a */,
			);
			name = "thirdparty-libs";
			sourceTree = "<group>";
		};
		B282064617160DAE000D5D3C /* Products */ = {
			isa = PBXGroup;
			children = (
			);
			name = Products;
			sourceTree = "<group>";
		};
/* End PBXGroup section */

/* Begin PBXHeadersBuildPhase section */
		87B013B716611FAA00E8938B /* Headers */ = {
			isa = PBXHeadersBuildPhase;
			buildActionMask = 2147483647;
			files = (
				87B013F01661557C00E8938B /* HOPStack.h in Headers */,
				87B013F21661557C00E8938B /* HOPContact.h in Headers */,
				87B013F31661557C00E8938B /* HOPCall.h in Headers */,
				87325EF316F07D550099C0D3 /* HOPAccount.h in Headers */,
				87325EF416F07D550099C0D3 /* HOPIdentityLookup.h in Headers */,
				87325EF516F07D550099C0D3 /* HOPContactPeerFilePublicLookup.h in Headers */,
				87B013F51661557C00E8938B /* HOPConversationThread.h in Headers */,
				87B013F61661557C00E8938B /* HOPMediaEngine.h in Headers */,
				87B013F81661557C00E8938B /* HOPProtocols.h in Headers */,
				87B013F91661557C00E8938B /* HOPTypes.h in Headers */,
				87B013FF1661557C00E8938B /* HOPMediaEngineRtpRtcpStatistics.h in Headers */,
				87D66B6016EFC3660017EF98 /* HOPLogger.h in Headers */,
				872725C3166636F50089CBB6 /* HOPMessage.h in Headers */,
				87B014001661557C00E8938B /* HOPIdentity.h in Headers */,
				87A5B1DE16EDE5F9007E825A /* HOPAccount_Internal.h in Headers */,
				87A5B1E016EDE5F9007E825A /* HOPCall_Internal.h in Headers */,
				87A5B1E116EDE5F9007E825A /* HOPContact_Internal.h in Headers */,
				87A5B1E216EDE5F9007E825A /* HOPConversationThread_Internal.h in Headers */,
				87A5B1E316EDE5F9007E825A /* HOPIdentity_Internal.h in Headers */,
				87A5B1E416EDE5F9007E825A /* HOPMediaEngine_Internal.h in Headers */,
				87A5B1EA16EDE5F9007E825A /* HOPStack_Internal.h in Headers */,
				87A5B1EB16EDE5F9007E825A /* OpenPeerAccountDelegate.h in Headers */,
				87A5B1EC16EDE5F9007E825A /* OpenPeerIdentityLookupDelegate.h in Headers */,
				87A5B1ED16EDE5F9007E825A /* OpenPeerContactPeerFilePublicLookupDelegate.h in Headers */,
				87A5B1EF16EDE5F9007E825A /* OpenPeerCallDelegate.h in Headers */,
				87A5B1F016EDE5F9007E825A /* OpenPeerConversationThreadDelegate.h in Headers */,
				87A5B1F116EDE5F9007E825A /* OpenPeerIdentityDelegate.h in Headers */,
				87A5B1F216EDE5F9007E825A /* OpenPeerLoggerDelegate.h in Headers */,
				87A5B1F316EDE5F9007E825A /* OpenPeerMediaEngineDelegate.h in Headers */,
				87A5B1F616EDE5F9007E825A /* OpenPeerStackDelegate.h in Headers */,
				87A5B1F716EDE5F9007E825A /* OpenPeerStorageManager.h in Headers */,
				87A5B1F816EDE5F9007E825A /* OpenPeerUtility.h in Headers */,
			);
			runOnlyForDeploymentPostprocessing = 0;
		};
/* End PBXHeadersBuildPhase section */

/* Begin PBXNativeTarget section */
		8792E86716519CFF00DEAC58 /* OpenpeerSDK */ = {
			isa = PBXNativeTarget;
			buildConfigurationList = 8792E87616519CFF00DEAC58 /* Build configuration list for PBXNativeTarget "OpenpeerSDK" */;
			buildPhases = (
				8792E86416519CFF00DEAC58 /* Sources */,
				8792E86516519CFF00DEAC58 /* Frameworks */,
				8792E86616519CFF00DEAC58 /* CopyFiles */,
				87B013B716611FAA00E8938B /* Headers */,
				87B013E41661327800E8938B /* ShellScript */,
			);
			buildRules = (
			);
			dependencies = (
			);
			name = OpenpeerSDK;
			productName = "openpeer-ios-sdk";
			productReference = 8792E86816519CFF00DEAC58 /* libOpenpeerSDK.a */;
			productType = "com.apple.product-type.library.static";
		};
/* End PBXNativeTarget section */

/* Begin PBXProject section */
		8792E85F16519CFF00DEAC58 /* Project object */ = {
			isa = PBXProject;
			attributes = {
				LastUpgradeCheck = 0450;
				ORGANIZATIONNAME = Sergej;
			};
			buildConfigurationList = 8792E86216519CFF00DEAC58 /* Build configuration list for PBXProject "openpeer-ios-sdk" */;
			compatibilityVersion = "Xcode 3.2";
			developmentRegion = English;
			hasScannedForEncodings = 0;
			knownRegions = (
				en,
			);
			mainGroup = 8792E85D16519CFF00DEAC58;
			productRefGroup = 8792E86916519CFF00DEAC58 /* Products */;
			projectDirPath = "";
			projectReferences = (
				{
					ProductGroup = 8786892416E609830090A3D9 /* Products */;
					ProjectRef = 8792E9AA1651A12B00DEAC58 /* cryptopp_ios.xcodeproj */;
				},
				{
					ProductGroup = 8786890B16E609240090A3D9 /* Products */;
					ProjectRef = 8792E9151651A0BB00DEAC58 /* hfcore_ios.xcodeproj */;
				},
				{
					ProductGroup = 8786891516E609560090A3D9 /* Products */;
					ProjectRef = 8792E9211651A0D000DEAC58 /* hfservices_ios.xcodeproj */;
				},
				{
					ProductGroup = 8786891016E609390090A3D9 /* Products */;
					ProjectRef = 8792E9091651A0A600DEAC58 /* hfstack_ios.xcodeproj */;
				},
				{
					ProductGroup = 8786891F16E609740090A3D9 /* Products */;
					ProjectRef = 8792E8FD1651A08F00DEAC58 /* udns_ios.xcodeproj */;
				},
				{
					ProductGroup = B282064617160DAE000D5D3C /* Products */;
					ProjectRef = B282064517160DAE000D5D3C /* webrtc.xcodeproj */;
				},
				{
					ProductGroup = 8786891A16E609660090A3D9 /* Products */;
					ProjectRef = 8792E8F41651A04800DEAC58 /* zsLib_ios.xcodeproj */;
				},
			);
			projectRoot = "";
			targets = (
				8792E86716519CFF00DEAC58 /* OpenpeerSDK */,
			);
		};
/* End PBXProject section */

/* Begin PBXReferenceProxy section */
		8786890F16E609240090A3D9 /* libhfcore_ios.a */ = {
			isa = PBXReferenceProxy;
			fileType = archive.ar;
			path = libhfcore_ios.a;
			remoteRef = 8786890E16E609240090A3D9 /* PBXContainerItemProxy */;
			sourceTree = BUILT_PRODUCTS_DIR;
		};
		8786891416E609390090A3D9 /* libhfstack_ios.a */ = {
			isa = PBXReferenceProxy;
			fileType = archive.ar;
			path = libhfstack_ios.a;
			remoteRef = 8786891316E609390090A3D9 /* PBXContainerItemProxy */;
			sourceTree = BUILT_PRODUCTS_DIR;
		};
		8786891916E609560090A3D9 /* libhfservices_ios.a */ = {
			isa = PBXReferenceProxy;
			fileType = archive.ar;
			path = libhfservices_ios.a;
			remoteRef = 8786891816E609560090A3D9 /* PBXContainerItemProxy */;
			sourceTree = BUILT_PRODUCTS_DIR;
		};
		8786891E16E609660090A3D9 /* libzsLib_ios.a */ = {
			isa = PBXReferenceProxy;
			fileType = archive.ar;
			path = libzsLib_ios.a;
			remoteRef = 8786891D16E609660090A3D9 /* PBXContainerItemProxy */;
			sourceTree = BUILT_PRODUCTS_DIR;
		};
		8786892316E609740090A3D9 /* libudns_ios.a */ = {
			isa = PBXReferenceProxy;
			fileType = archive.ar;
			path = libudns_ios.a;
			remoteRef = 8786892216E609740090A3D9 /* PBXContainerItemProxy */;
			sourceTree = BUILT_PRODUCTS_DIR;
		};
		8786892816E609830090A3D9 /* libcryptopp_ios.a */ = {
			isa = PBXReferenceProxy;
			fileType = archive.ar;
			path = libcryptopp_ios.a;
			remoteRef = 8786892716E609830090A3D9 /* PBXContainerItemProxy */;
			sourceTree = BUILT_PRODUCTS_DIR;
		};
/* End PBXReferenceProxy section */

/* Begin PBXShellScriptBuildPhase section */
		87B013E41661327800E8938B /* ShellScript */ = {
			isa = PBXShellScriptBuildPhase;
			buildActionMask = 2147483647;
			files = (
			);
			inputPaths = (
			);
			outputPaths = (
			);
			runOnlyForDeploymentPostprocessing = 0;
			shellPath = /bin/sh;
			shellScript = "set -e\n\nFMK_VERSION=B1\n\nmkdir -p \"${BUILT_PRODUCTS_DIR}/${PRODUCT_NAME}.framework/Versions/${FMK_VERSION}/Headers\"\n\n# Link the \"Current\" version to \"A\"\n/bin/ln -sfh ${FMK_VERSION} \"${BUILT_PRODUCTS_DIR}/${PRODUCT_NAME}.framework/Versions/Current\"\n/bin/ln -sfh Versions/Current/Headers \"${BUILT_PRODUCTS_DIR}/${PRODUCT_NAME}.framework/Headers\"\n/bin/ln -sfh \"Versions/Current/${PRODUCT_NAME}\" \"${BUILT_PRODUCTS_DIR}/${PRODUCT_NAME}.framework/${PRODUCT_NAME}\"\n\n# The -a ensures that the headers maintain the source modification date so that we don't constantly\n# cause propagating rebuilds of files that import these headers.\n/bin/cp -a \"${TARGET_BUILD_DIR}/${PUBLIC_HEADERS_FOLDER_PATH}/\" \"${BUILT_PRODUCTS_DIR}/${PRODUCT_NAME}.framework/Versions/${FMK_VERSION}/Headers\"\n\n/bin/cp -a \"${BUILT_PRODUCTS_DIR}/lib${PRODUCT_NAME}.a\" \"${BUILT_PRODUCTS_DIR}/${PRODUCT_NAME}.framework/Versions/${FMK_VERSION}/${PRODUCT_NAME}\"\n";
		};
/* End PBXShellScriptBuildPhase section */

/* Begin PBXSourcesBuildPhase section */
		8792E86416519CFF00DEAC58 /* Sources */ = {
			isa = PBXSourcesBuildPhase;
			buildActionMask = 2147483647;
			files = (
				87A5B1A016EDE5EB007E825A /* HOPAccount.mm in Sources */,
				87A5B1A216EDE5EB007E825A /* HOPCall.mm in Sources */,
				87A5B1A316EDE5EB007E825A /* HOPContact.mm in Sources */,
				87A5B1A416EDE5EB007E825A /* HOPConversationThread.mm in Sources */,
				87A5B1A516EDE5EB007E825A /* HOPIdentity.mm in Sources */,
				87A5B1A716EDE5EB007E825A /* HOPLogger.mm in Sources */,
				87A5B1A916EDE5EB007E825A /* HOPMediaEngine.mm in Sources */,
				87A5B1AA16EDE5EB007E825A /* HOPMediaEngineRtpRtcpStatistics.m in Sources */,
				87A5B1AB16EDE5EB007E825A /* HOPMessage.m in Sources */,
				87A5B1B216EDE5EB007E825A /* HOPStack.mm in Sources */,
				87A5B1B316EDE5EB007E825A /* OpenPeerLoggerDelegate.mm in Sources */,
				87A5B1F916EDE5F9007E825A /* OpenPeerAccountDelegate.mm in Sources */,
				87A5B1FA16EDE5F9007E825A /* OpenPeerIdentityLookupDelegate.mm in Sources */,
				87A5B1FB16EDE5F9007E825A /* OpenPeerContactPeerFilePublicLookupDelegate.mm in Sources */,
				87A5B1FD16EDE5F9007E825A /* OpenPeerCallDelegate.mm in Sources */,
				87A5B1FE16EDE5F9007E825A /* OpenPeerConversationThreadDelegate.mm in Sources */,
				87A5B1FF16EDE5F9007E825A /* OpenPeerIdentityDelegate.mm in Sources */,
				87A5B20016EDE5F9007E825A /* OpenPeerMediaEngineDelegate.mm in Sources */,
				87A5B20316EDE5F9007E825A /* OpenPeerStackDelegate.mm in Sources */,
				87A5B20416EDE5F9007E825A /* OpenPeerStorageManager.mm in Sources */,
				87A5B20516EDE5F9007E825A /* OpenPeerUtility.mm in Sources */,
				87A5B20716EDE648007E825A /* HOPIdentityLookup.mm in Sources */,
				87A5B20C16EE0B9F007E825A /* HOPContactPeerFilePublicLookup.mm in Sources */,
			);
			runOnlyForDeploymentPostprocessing = 0;
		};
/* End PBXSourcesBuildPhase section */

/* Begin XCBuildConfiguration section */
		8792E87416519CFF00DEAC58 /* Debug */ = {
			isa = XCBuildConfiguration;
			buildSettings = {
				ALWAYS_SEARCH_USER_PATHS = NO;
				CLANG_CXX_LANGUAGE_STANDARD = "gnu++0x";
				CLANG_CXX_LIBRARY = "libc++";
				CLANG_WARN_EMPTY_BODY = YES;
				CLANG_WARN__DUPLICATE_METHOD_MATCH = YES;
				COPY_PHASE_STRIP = NO;
				GCC_C_LANGUAGE_STANDARD = gnu99;
				GCC_DYNAMIC_NO_PIC = NO;
				GCC_OPTIMIZATION_LEVEL = 0;
				GCC_PREPROCESSOR_DEFINITIONS = (
					"DEBUG=1",
					"$(inherited)",
				);
				GCC_SYMBOLS_PRIVATE_EXTERN = NO;
				GCC_WARN_ABOUT_RETURN_TYPE = YES;
				GCC_WARN_UNINITIALIZED_AUTOS = YES;
				GCC_WARN_UNUSED_VARIABLE = YES;
				IPHONEOS_DEPLOYMENT_TARGET = 6.0;
				ONLY_ACTIVE_ARCH = YES;
				OTHER_LDFLAGS = "-ObjC";
				SDKROOT = iphoneos;
			};
			name = Debug;
		};
		8792E87516519CFF00DEAC58 /* Release */ = {
			isa = XCBuildConfiguration;
			buildSettings = {
				ALWAYS_SEARCH_USER_PATHS = NO;
				CLANG_CXX_LANGUAGE_STANDARD = "gnu++0x";
				CLANG_CXX_LIBRARY = "libc++";
				CLANG_WARN_EMPTY_BODY = YES;
				CLANG_WARN__DUPLICATE_METHOD_MATCH = YES;
				COPY_PHASE_STRIP = YES;
				GCC_C_LANGUAGE_STANDARD = gnu99;
				GCC_WARN_ABOUT_RETURN_TYPE = YES;
				GCC_WARN_UNINITIALIZED_AUTOS = YES;
				GCC_WARN_UNUSED_VARIABLE = YES;
				IPHONEOS_DEPLOYMENT_TARGET = 6.0;
				OTHER_LDFLAGS = "-ObjC";
				SDKROOT = iphoneos;
				VALIDATE_PRODUCT = YES;
			};
			name = Release;
		};
		8792E87716519CFF00DEAC58 /* Debug */ = {
			isa = XCBuildConfiguration;
			buildSettings = {
				CLANG_CXX_LANGUAGE_STANDARD = "compiler-default";
				CLANG_CXX_LIBRARY = "compiler-default";
				CLANG_ENABLE_OBJC_ARC = YES;
				DEAD_CODE_STRIPPING = NO;
				DSTROOT = /tmp/openpeer_ios_sdk.dst;
				GCC_ENABLE_CPP_RTTI = YES;
				GCC_INLINES_ARE_PRIVATE_EXTERN = YES;
				GCC_PRECOMPILE_PREFIX_HEADER = YES;
				GCC_PREFIX_HEADER = "openpeer-ios-sdk/openpeer-ios-sdk-Prefix.pch";
				GCC_SYMBOLS_PRIVATE_EXTERN = YES;
				HEADER_SEARCH_PATHS = (
					"../OP/hookflash-core",
					"../OP/hookflash-staging/iPhoneOS/include",
					"../OP/hookflash-libs/curl/curl-7.22.0/armv7/include",
					"../OP/hookflash-libs/cryptopp",
					"../OP/hookflash-libs/zsLib/",
					"../OP/hookflash-libs/boost/boost/",
					"../OP/hookflash-libs/boost/boost/boost",
					.,
					..,
					"../OP/hookflash-core/webRTC/webRTC_ios/src/video_engine/include",
					"../OP/hookflash-core/webRTC/webRTC_ios/src/modules/video_coding/codecs/interface/",
					"../OP/hookflash-core/webRTC/webRTC_ios/src/common_video/interface/",
					"../OP/hookflash-core/webRTC/webRTC_ios/src/modules/video_render/main/source/iPhone",
					"../OP/hookflash-core/webRTC/webRTC_ios/src/system_wrappers/interface",
					"../OP/hookflash-core/webRTC/webRTC_ios/src/modules/video_render/main/interface",
					"../OP/hookflash-core/webRTC/webRTC_ios/src/modules/interface",
					"../OP/hookflash-core/webRTC/webRTC_ios/src/modules/video_capture/main/interface",
					"../OP/hookflash-core/webRTC/webRTC_ios/src/modules/video_processing/main/interface",
					"../OP/hookflash-core/webRTC/webRTC_ios/src/voice_engine/main/interface",
					"../OP/hookflash-core/webRTC/webRTC_ios/src",
				);
				IPHONEOS_DEPLOYMENT_TARGET = 5.0;
				LIBRARY_SEARCH_PATHS = (
					"\"$(SRCROOT)/../OP/hookflash-staging/iPhoneOS/lib\"",
					"\"$(SRCROOT)/../op/hookflash-libs/webRTC/xcodebuild/Debug-iphoneos\"",
					"\"$(SRCROOT)/../../../Library/Developer/Xcode/DerivedData/OpenPeerSampleApp-cftdsctvkylhnlevptuuuinhsuix/Build/Products/Debug-iphoneos\"",
					"\"$(SRCROOT)/../../../Library/Developer/Xcode/DerivedData/webrtc_ios-fvzukbtzbkyxljdplpvcartanuaq/Build/Products/Debug-iphoneos\"",
				);
				MACH_O_TYPE = staticlib;
				OTHER_CPLUSPLUSFLAGS = (
					"$(OTHER_CFLAGS)",
					"-x",
					"objective-c++",
				);
				OTHER_LDFLAGS = "-ObjC";
				PRODUCT_NAME = "$(TARGET_NAME)";
				SKIP_INSTALL = YES;
			};
			name = Debug;
		};
		8792E87816519CFF00DEAC58 /* Release */ = {
			isa = XCBuildConfiguration;
			buildSettings = {
				CLANG_CXX_LANGUAGE_STANDARD = "compiler-default";
				CLANG_CXX_LIBRARY = "compiler-default";
				CLANG_ENABLE_OBJC_ARC = YES;
				DEAD_CODE_STRIPPING = NO;
				DSTROOT = /tmp/openpeer_ios_sdk.dst;
				GCC_ENABLE_CPP_RTTI = YES;
				GCC_INLINES_ARE_PRIVATE_EXTERN = YES;
				GCC_PRECOMPILE_PREFIX_HEADER = YES;
				GCC_PREFIX_HEADER = "openpeer-ios-sdk/openpeer-ios-sdk-Prefix.pch";
				GCC_SYMBOLS_PRIVATE_EXTERN = YES;
				HEADER_SEARCH_PATHS = (
					"../OP/hookflash-core",
					"../OP/hookflash-staging/iPhoneOS/include",
					"../OP/hookflash-libs/curl/curl-7.22.0/armv7/include",
					"../OP/hookflash-libs/cryptopp",
					"../OP/hookflash-libs/zsLib/",
					"../OP/hookflash-libs/boost/boost/",
					"../OP/hookflash-libs/boost/boost/boost",
					.,
					..,
					"../OP/hookflash-core/webRTC/webRTC_ios/src/video_engine/include",
					"../OP/hookflash-core/webRTC/webRTC_ios/src/modules/video_coding/codecs/interface/",
					"../OP/hookflash-core/webRTC/webRTC_ios/src/common_video/interface/",
					"../OP/hookflash-core/webRTC/webRTC_ios/src/modules/video_render/main/source/iPhone",
					"../OP/hookflash-core/webRTC/webRTC_ios/src/system_wrappers/interface",
					"../OP/hookflash-core/webRTC/webRTC_ios/src/modules/video_render/main/interface",
					"../OP/hookflash-core/webRTC/webRTC_ios/src/modules/interface",
					"../OP/hookflash-core/webRTC/webRTC_ios/src/modules/video_capture/main/interface",
					"../OP/hookflash-core/webRTC/webRTC_ios/src/modules/video_processing/main/interface",
					"../OP/hookflash-core/webRTC/webRTC_ios/src/voice_engine/main/interface",
					"../OP/hookflash-core/webRTC/webRTC_ios/src",
				);
				IPHONEOS_DEPLOYMENT_TARGET = 5.0;
				LIBRARY_SEARCH_PATHS = (
					"\"$(SRCROOT)/../OP/hookflash-staging/iPhoneOS/lib\"",
					"\"$(SRCROOT)/../op/hookflash-libs/webRTC/xcodebuild/Debug-iphoneos\"",
					"\"$(SRCROOT)/../../../Library/Developer/Xcode/DerivedData/OpenPeerSampleApp-cftdsctvkylhnlevptuuuinhsuix/Build/Products/Debug-iphoneos\"",
					"\"$(SRCROOT)/../../../Library/Developer/Xcode/DerivedData/webrtc_ios-fvzukbtzbkyxljdplpvcartanuaq/Build/Products/Debug-iphoneos\"",
				);
				MACH_O_TYPE = staticlib;
				OTHER_CPLUSPLUSFLAGS = (
					"$(OTHER_CFLAGS)",
					"-x",
					"objective-c++",
				);
				OTHER_LDFLAGS = "-ObjC";
				PRODUCT_NAME = "$(TARGET_NAME)";
				SKIP_INSTALL = YES;
			};
			name = Release;
		};
/* End XCBuildConfiguration section */

/* Begin XCConfigurationList section */
		8792E86216519CFF00DEAC58 /* Build configuration list for PBXProject "openpeer-ios-sdk" */ = {
			isa = XCConfigurationList;
			buildConfigurations = (
				8792E87416519CFF00DEAC58 /* Debug */,
				8792E87516519CFF00DEAC58 /* Release */,
			);
			defaultConfigurationIsVisible = 0;
			defaultConfigurationName = Release;
		};
		8792E87616519CFF00DEAC58 /* Build configuration list for PBXNativeTarget "OpenpeerSDK" */ = {
			isa = XCConfigurationList;
			buildConfigurations = (
				8792E87716519CFF00DEAC58 /* Debug */,
				8792E87816519CFF00DEAC58 /* Release */,
			);
			defaultConfigurationIsVisible = 0;
			defaultConfigurationName = Release;
		};
/* End XCConfigurationList section */
	};
	rootObject = 8792E85F16519CFF00DEAC58 /* Project object */;
}
